{
  "requires": true,
  "lockfileVersion": 1,
  "dependencies": {
    "node": {
      "version": "10.6.0",
      "resolved": "https://registry.npmjs.org/node/-/node-10.6.0.tgz",
      "integrity": "sha512-soFUHjKPc5BMYt+xmg8sbNyR1Uhv000n4CV/aag+VUX3R1I7rXia95MCVGDqga07+q0bNtBhMKY4WU531Xwa5A==",
      "requires": {
        "node-bin-setup": "^1.0.0"
      }
    },
    "node-bin-setup": {
      "version": "1.0.6",
      "resolved": "https://registry.npmjs.org/node-bin-setup/-/node-bin-setup-1.0.6.tgz",
      "integrity": "sha512-uPIxXNis1CRbv1DwqAxkgBk5NFV3s7cMN/Gf556jSw6jBvV7ca4F9lRL/8cALcZecRibeqU+5dFYqFFmzv5a0Q=="
    }
  }
}
