// !$*UTF8*$!
{
	archiveVersion = 1;
	classes = {
	};
	objectVersion = 50;
	objects = {

/* Begin PBXBuildFile section */
		3529DCEC20FFCA150057F133 /* AddTagViewController.m in Sources */ = {isa = PBXBuildFile; fileRef = 3529DCEB20FFCA150057F133 /* AddTagViewController.m */; };
		354307EE21013B660045A8FD /* UserProfileViewController.m in Sources */ = {isa = PBXBuildFile; fileRef = 354307ED21013B660045A8FD /* UserProfileViewController.m */; };
		354307F4210149B70045A8FD /* EditUserProfileViewController.m in Sources */ = {isa = PBXBuildFile; fileRef = 354307F3210149B70045A8FD /* EditUserProfileViewController.m */; };
		35469427211A6F73000176F6 /* DetailTableViewCell.m in Sources */ = {isa = PBXBuildFile; fileRef = 35469426211A6F73000176F6 /* DetailTableViewCell.m */; };
		355718C320FC534D00D735EA /* LoginViewController.m in Sources */ = {isa = PBXBuildFile; fileRef = 355718C220FC534D00D735EA /* LoginViewController.m */; };
		355718C620FC53AD00D735EA /* MenuViewController.m in Sources */ = {isa = PBXBuildFile; fileRef = 355718C520FC53AD00D735EA /* MenuViewController.m */; };
		355718C920FC53E600D735EA /* DetailViewController.m in Sources */ = {isa = PBXBuildFile; fileRef = 355718C820FC53E600D735EA /* DetailViewController.m */; };
		35816FCF21151F400075BAAE /* Social.framework in Frameworks */ = {isa = PBXBuildFile; fileRef = 35816FCD21150FDA0075BAAE /* Social.framework */; };
		35AC5DDE210A418A004BF87A /* ShowLocationViewController.m in Sources */ = {isa = PBXBuildFile; fileRef = 35AC5DDD210A418A004BF87A /* ShowLocationViewController.m */; };
		35B7627021067B500089739D /* NewsCycle-Regular.ttf in Resources */ = {isa = PBXBuildFile; fileRef = 35B7626D21067B4E0089739D /* NewsCycle-Regular.ttf */; };
		35B7627121067B500089739D /* NewsCycle-Bold.ttf in Resources */ = {isa = PBXBuildFile; fileRef = 35B7626E21067B4E0089739D /* NewsCycle-Bold.ttf */; };
		35B7627221067B500089739D /* OFL.txt in Resources */ = {isa = PBXBuildFile; fileRef = 35B7626F21067B4E0089739D /* OFL.txt */; };
		35B762792106CB3A0089739D /* MapKit.framework in Frameworks */ = {isa = PBXBuildFile; fileRef = 35B762782106CB3A0089739D /* MapKit.framework */; };
		35B7627B2107895E0089739D /* CoreLocation.framework in Frameworks */ = {isa = PBXBuildFile; fileRef = 35B7627A2107895E0089739D /* CoreLocation.framework */; };
		35B762D12108E4E60089739D /* SearchTableViewCell.m in Sources */ = {isa = PBXBuildFile; fileRef = 35B762D02108E4E60089739D /* SearchTableViewCell.m */; };
		35C63C9A210E5888006C8B32 /* ShowAllLocationsViewController.m in Sources */ = {isa = PBXBuildFile; fileRef = 35C63C99210E5888006C8B32 /* ShowAllLocationsViewController.m */; };
		35D8D53520EFE03E00B5D12C /* AppDelegate.m in Sources */ = {isa = PBXBuildFile; fileRef = 35D8D53420EFE03E00B5D12C /* AppDelegate.m */; };
		35D8D53820EFE03E00B5D12C /* ViewController.m in Sources */ = {isa = PBXBuildFile; fileRef = 35D8D53720EFE03E00B5D12C /* ViewController.m */; };
		35D8D53B20EFE03E00B5D12C /* Main.storyboard in Resources */ = {isa = PBXBuildFile; fileRef = 35D8D53920EFE03E00B5D12C /* Main.storyboard */; };
		35D8D53D20EFE04000B5D12C /* Assets.xcassets in Resources */ = {isa = PBXBuildFile; fileRef = 35D8D53C20EFE04000B5D12C /* Assets.xcassets */; };
		35D8D54020EFE04000B5D12C /* LaunchScreen.storyboard in Resources */ = {isa = PBXBuildFile; fileRef = 35D8D53E20EFE04000B5D12C /* LaunchScreen.storyboard */; };
		35D8D54320EFE04000B5D12C /* main.m in Sources */ = {isa = PBXBuildFile; fileRef = 35D8D54220EFE04000B5D12C /* main.m */; };
		35D8D54D20EFE04000B5D12C /* socialImpactAppTests.m in Sources */ = {isa = PBXBuildFile; fileRef = 35D8D54C20EFE04000B5D12C /* socialImpactAppTests.m */; };
		35D8D55820EFE04000B5D12C /* socialImpactAppUITests.m in Sources */ = {isa = PBXBuildFile; fileRef = 35D8D55720EFE04000B5D12C /* socialImpactAppUITests.m */; };
		35E7D1332113E00D00230A31 /* MapTabViewController.m in Sources */ = {isa = PBXBuildFile; fileRef = 35E7D1322113E00D00230A31 /* MapTabViewController.m */; };
		47D8A038FCB35C7777A968A0 /* libPods-socialImpactApp.a in Frameworks */ = {isa = PBXBuildFile; fileRef = 4A2B5A5065D470831F56D7DE /* libPods-socialImpactApp.a */; };
		51216213CEC3A0D4FAF43C93 /* libPods-socialImpactAppUITests.a in Frameworks */ = {isa = PBXBuildFile; fileRef = 82D1B2DFDE6B4F153928CCBB /* libPods-socialImpactAppUITests.a */; };
		660BA004211A6D9F00C396BC /* AddLocationViewController.m in Sources */ = {isa = PBXBuildFile; fileRef = 660BA003211A6D9F00C396BC /* AddLocationViewController.m */; };
		660BA00A211A759800C396BC /* SingletonCalendar.m in Sources */ = {isa = PBXBuildFile; fileRef = 660BA009211A759800C396BC /* SingletonCalendar.m */; };
		660BA00D211B486200C396BC /* CalendarSingleton.m in Sources */ = {isa = PBXBuildFile; fileRef = 660BA00C211B486200C396BC /* CalendarSingleton.m */; };
		661BAE7A21062579007363CC /* ActionViewController.m in Sources */ = {isa = PBXBuildFile; fileRef = 661BAE7921062579007363CC /* ActionViewController.m */; };
		661BAE7D21062579007363CC /* MainInterface.storyboard in Resources */ = {isa = PBXBuildFile; fileRef = 661BAE7B21062579007363CC /* MainInterface.storyboard */; };
		6628860121092C9D0014196F /* TimelineViewController.m in Sources */ = {isa = PBXBuildFile; fileRef = 6628860021092C9D0014196F /* TimelineViewController.m */; };
		66379C9620FFF02D00487A3D /* SignUpViewController.m in Sources */ = {isa = PBXBuildFile; fileRef = 66379C9520FFF02D00487A3D /* SignUpViewController.m */; };
		667632922107ACCB00538E9B /* ActionViewController.m in Sources */ = {isa = PBXBuildFile; fileRef = 667632912107ACCB00538E9B /* ActionViewController.m */; };
		667632952107ACCB00538E9B /* MainInterface.storyboard in Resources */ = {isa = PBXBuildFile; fileRef = 667632932107ACCB00538E9B /* MainInterface.storyboard */; };
		6676329D2107ACD900538E9B /* Main.storyboard in Resources */ = {isa = PBXBuildFile; fileRef = 35D8D53920EFE03E00B5D12C /* Main.storyboard */; };
		667EEC54211225DE00F2A0FA /* FSCalendarCollectionView.m in Sources */ = {isa = PBXBuildFile; fileRef = 667EEC33211225DE00F2A0FA /* FSCalendarCollectionView.m */; };
		667EEC55211225DE00F2A0FA /* FSCalendarDelegationProxy.m in Sources */ = {isa = PBXBuildFile; fileRef = 667EEC37211225DE00F2A0FA /* FSCalendarDelegationProxy.m */; };
		667EEC56211225DE00F2A0FA /* FSCalendarDelegationFactory.m in Sources */ = {isa = PBXBuildFile; fileRef = 667EEC39211225DE00F2A0FA /* FSCalendarDelegationFactory.m */; };
		667EEC57211225DE00F2A0FA /* FSCalendarCell.m in Sources */ = {isa = PBXBuildFile; fileRef = 667EEC3F211225DE00F2A0FA /* FSCalendarCell.m */; };
		667EEC58211225DE00F2A0FA /* FSCalendarStickyHeader.m in Sources */ = {isa = PBXBuildFile; fileRef = 667EEC40211225DE00F2A0FA /* FSCalendarStickyHeader.m */; };
		667EEC59211225DE00F2A0FA /* FSCalendar.m in Sources */ = {isa = PBXBuildFile; fileRef = 667EEC41211225DE00F2A0FA /* FSCalendar.m */; };
		667EEC5A211225DE00F2A0FA /* FSCalendarCollectionViewLayout.m in Sources */ = {isa = PBXBuildFile; fileRef = 667EEC42211225DE00F2A0FA /* FSCalendarCollectionViewLayout.m */; };
		667EEC5B211225DE00F2A0FA /* FSCalendarScopeHandle.m in Sources */ = {isa = PBXBuildFile; fileRef = 667EEC43211225DE00F2A0FA /* FSCalendarScopeHandle.m */; };
		667EEC5C211225DE00F2A0FA /* FSCalendarWeekdayView.m in Sources */ = {isa = PBXBuildFile; fileRef = 667EEC44211225DE00F2A0FA /* FSCalendarWeekdayView.m */; };
		667EEC5D211225DE00F2A0FA /* FSCalendarExtensions.m in Sources */ = {isa = PBXBuildFile; fileRef = 667EEC48211225DE00F2A0FA /* FSCalendarExtensions.m */; };
		667EEC5E211225DE00F2A0FA /* FSCalendar+Deprecated.m in Sources */ = {isa = PBXBuildFile; fileRef = 667EEC4A211225DE00F2A0FA /* FSCalendar+Deprecated.m */; };
		667EEC5F211225DE00F2A0FA /* FSCalendarConstants.m in Sources */ = {isa = PBXBuildFile; fileRef = 667EEC4B211225DE00F2A0FA /* FSCalendarConstants.m */; };
		667EEC60211225DE00F2A0FA /* FSCalendarCalculator.m in Sources */ = {isa = PBXBuildFile; fileRef = 667EEC4C211225DE00F2A0FA /* FSCalendarCalculator.m */; };
		667EEC61211225DE00F2A0FA /* FSCalendarHeaderView.m in Sources */ = {isa = PBXBuildFile; fileRef = 667EEC4D211225DE00F2A0FA /* FSCalendarHeaderView.m */; };
		667EEC62211225DE00F2A0FA /* FSCalendarTransitionCoordinator.m in Sources */ = {isa = PBXBuildFile; fileRef = 667EEC51211225DE00F2A0FA /* FSCalendarTransitionCoordinator.m */; };
		667EEC64211225DE00F2A0FA /* FSCalendarAppearance.m in Sources */ = {isa = PBXBuildFile; fileRef = 667EEC53211225DE00F2A0FA /* FSCalendarAppearance.m */; };
		667EEC70211256EB00F2A0FA /* FSCalendarScopeExampleViewController.m in Sources */ = {isa = PBXBuildFile; fileRef = 667EEC6F211256EB00F2A0FA /* FSCalendarScopeExampleViewController.m */; };
		6683345A2114D1E300DAB895 /* TabBarViewController.m in Sources */ = {isa = PBXBuildFile; fileRef = 668334592114D1E300DAB895 /* TabBarViewController.m */; };
		66BF560D20FE5DAF00C1E39B /* VolunteerOpportunity.m in Sources */ = {isa = PBXBuildFile; fileRef = 66BF560C20FE5DAF00C1E39B /* VolunteerOpportunity.m */; };
		66BF561120FE5DBB00C1E39B /* VolunteerOpportunityCell.m in Sources */ = {isa = PBXBuildFile; fileRef = 66BF560F20FE5DBB00C1E39B /* VolunteerOpportunityCell.m */; };
		66BF561420FE5DF600C1E39B /* AddVolunteerOpportunityViewController.m in Sources */ = {isa = PBXBuildFile; fileRef = 66BF561320FE5DF600C1E39B /* AddVolunteerOpportunityViewController.m */; };
		66BF561720FE6A3E00C1E39B /* User.m in Sources */ = {isa = PBXBuildFile; fileRef = 66BF561620FE6A3E00C1E39B /* User.m */; };
		66BF561A20FE932E00C1E39B /* SavedViewController.m in Sources */ = {isa = PBXBuildFile; fileRef = 66BF561920FE932E00C1E39B /* SavedViewController.m */; };
		66D7AFA02114F55D0074562A /* TimelineTableViewCell.m in Sources */ = {isa = PBXBuildFile; fileRef = 66D7AF9F2114F55D0074562A /* TimelineTableViewCell.m */; };
		66D7AFA221150EB60074562A /* EventKit.framework in Frameworks */ = {isa = PBXBuildFile; fileRef = 66D7AFA121150EB60074562A /* EventKit.framework */; };
		66D7AFA421150EBC0074562A /* EventKitUI.framework in Frameworks */ = {isa = PBXBuildFile; fileRef = 66D7AFA321150EBC0074562A /* EventKitUI.framework */; };
		83391D8B8F392FDFD7EE65B7 /* libPods-socialImpactAppTests.a in Frameworks */ = {isa = PBXBuildFile; fileRef = 29C54D53F8DF8C1846F5D92C /* libPods-socialImpactAppTests.a */; };
/* End PBXBuildFile section */

/* Begin PBXContainerItemProxy section */
		35D8D54920EFE04000B5D12C /* PBXContainerItemProxy */ = {
			isa = PBXContainerItemProxy;
			containerPortal = 35D8D52820EFE03E00B5D12C /* Project object */;
			proxyType = 1;
			remoteGlobalIDString = 35D8D52F20EFE03E00B5D12C;
			remoteInfo = socialImpactApp;
		};
		35D8D55420EFE04000B5D12C /* PBXContainerItemProxy */ = {
			isa = PBXContainerItemProxy;
			containerPortal = 35D8D52820EFE03E00B5D12C /* Project object */;
			proxyType = 1;
			remoteGlobalIDString = 35D8D52F20EFE03E00B5D12C;
			remoteInfo = socialImpactApp;
		};
		667632972107ACCB00538E9B /* PBXContainerItemProxy */ = {
			isa = PBXContainerItemProxy;
			containerPortal = 35D8D52820EFE03E00B5D12C /* Project object */;
			proxyType = 1;
			remoteGlobalIDString = 6676328D2107ACCB00538E9B;
			remoteInfo = newsCycleFont;
		};
/* End PBXContainerItemProxy section */

/* Begin PBXFileReference section */
		0920CAF78102BC2876E695E8 /* Pods-socialImpactAppTests.release.xcconfig */ = {isa = PBXFileReference; includeInIndex = 1; lastKnownFileType = text.xcconfig; name = "Pods-socialImpactAppTests.release.xcconfig"; path = "Pods/Target Support Files/Pods-socialImpactAppTests/Pods-socialImpactAppTests.release.xcconfig"; sourceTree = "<group>"; };
		29C54D53F8DF8C1846F5D92C /* libPods-socialImpactAppTests.a */ = {isa = PBXFileReference; explicitFileType = archive.ar; includeInIndex = 0; path = "libPods-socialImpactAppTests.a"; sourceTree = BUILT_PRODUCTS_DIR; };
		3529DCEA20FFCA150057F133 /* AddTagViewController.h */ = {isa = PBXFileReference; lastKnownFileType = sourcecode.c.h; path = AddTagViewController.h; sourceTree = "<group>"; };
		3529DCEB20FFCA150057F133 /* AddTagViewController.m */ = {isa = PBXFileReference; lastKnownFileType = sourcecode.c.objc; path = AddTagViewController.m; sourceTree = "<group>"; };
		354307EC21013B650045A8FD /* UserProfileViewController.h */ = {isa = PBXFileReference; lastKnownFileType = sourcecode.c.h; path = UserProfileViewController.h; sourceTree = "<group>"; };
		354307ED21013B660045A8FD /* UserProfileViewController.m */ = {isa = PBXFileReference; lastKnownFileType = sourcecode.c.objc; path = UserProfileViewController.m; sourceTree = "<group>"; };
		354307F2210149B70045A8FD /* EditUserProfileViewController.h */ = {isa = PBXFileReference; lastKnownFileType = sourcecode.c.h; path = EditUserProfileViewController.h; sourceTree = "<group>"; };
		354307F3210149B70045A8FD /* EditUserProfileViewController.m */ = {isa = PBXFileReference; lastKnownFileType = sourcecode.c.objc; path = EditUserProfileViewController.m; sourceTree = "<group>"; };
		35469425211A6F73000176F6 /* DetailTableViewCell.h */ = {isa = PBXFileReference; lastKnownFileType = sourcecode.c.h; path = DetailTableViewCell.h; sourceTree = "<group>"; };
		35469426211A6F73000176F6 /* DetailTableViewCell.m */ = {isa = PBXFileReference; lastKnownFileType = sourcecode.c.objc; path = DetailTableViewCell.m; sourceTree = "<group>"; };
		355718C120FC534D00D735EA /* LoginViewController.h */ = {isa = PBXFileReference; lastKnownFileType = sourcecode.c.h; path = LoginViewController.h; sourceTree = "<group>"; };
		355718C220FC534D00D735EA /* LoginViewController.m */ = {isa = PBXFileReference; lastKnownFileType = sourcecode.c.objc; path = LoginViewController.m; sourceTree = "<group>"; };
		355718C420FC53AD00D735EA /* MenuViewController.h */ = {isa = PBXFileReference; lastKnownFileType = sourcecode.c.h; path = MenuViewController.h; sourceTree = "<group>"; };
		355718C520FC53AD00D735EA /* MenuViewController.m */ = {isa = PBXFileReference; lastKnownFileType = sourcecode.c.objc; path = MenuViewController.m; sourceTree = "<group>"; };
		355718C720FC53E600D735EA /* DetailViewController.h */ = {isa = PBXFileReference; lastKnownFileType = sourcecode.c.h; path = DetailViewController.h; sourceTree = "<group>"; };
		355718C820FC53E600D735EA /* DetailViewController.m */ = {isa = PBXFileReference; lastKnownFileType = sourcecode.c.objc; path = DetailViewController.m; sourceTree = "<group>"; };
		35816FCD21150FDA0075BAAE /* Social.framework */ = {isa = PBXFileReference; lastKnownFileType = wrapper.framework; name = Social.framework; path = System/Library/Frameworks/Social.framework; sourceTree = SDKROOT; };
		35AC5DDC210A418A004BF87A /* ShowLocationViewController.h */ = {isa = PBXFileReference; lastKnownFileType = sourcecode.c.h; path = ShowLocationViewController.h; sourceTree = "<group>"; };
		35AC5DDD210A418A004BF87A /* ShowLocationViewController.m */ = {isa = PBXFileReference; lastKnownFileType = sourcecode.c.objc; path = ShowLocationViewController.m; sourceTree = "<group>"; };
		35B7626D21067B4E0089739D /* NewsCycle-Regular.ttf */ = {isa = PBXFileReference; lastKnownFileType = file; path = "NewsCycle-Regular.ttf"; sourceTree = "<group>"; };
		35B7626E21067B4E0089739D /* NewsCycle-Bold.ttf */ = {isa = PBXFileReference; lastKnownFileType = file; path = "NewsCycle-Bold.ttf"; sourceTree = "<group>"; };
		35B7626F21067B4E0089739D /* OFL.txt */ = {isa = PBXFileReference; fileEncoding = 4; lastKnownFileType = text; path = OFL.txt; sourceTree = "<group>"; };
		35B762752106B06D0089739D /* AddLocationViewController.h */ = {isa = PBXFileReference; lastKnownFileType = sourcecode.c.h; path = AddLocationViewController.h; sourceTree = "<group>"; };
		35B762782106CB3A0089739D /* MapKit.framework */ = {isa = PBXFileReference; lastKnownFileType = wrapper.framework; name = MapKit.framework; path = System/Library/Frameworks/MapKit.framework; sourceTree = SDKROOT; };
		35B7627A2107895E0089739D /* CoreLocation.framework */ = {isa = PBXFileReference; lastKnownFileType = wrapper.framework; name = CoreLocation.framework; path = System/Library/Frameworks/CoreLocation.framework; sourceTree = SDKROOT; };
		35B762CF2108E4E60089739D /* SearchTableViewCell.h */ = {isa = PBXFileReference; lastKnownFileType = sourcecode.c.h; path = SearchTableViewCell.h; sourceTree = "<group>"; };
		35B762D02108E4E60089739D /* SearchTableViewCell.m */ = {isa = PBXFileReference; lastKnownFileType = sourcecode.c.objc; path = SearchTableViewCell.m; sourceTree = "<group>"; };
		35C63C98210E5888006C8B32 /* ShowAllLocationsViewController.h */ = {isa = PBXFileReference; lastKnownFileType = sourcecode.c.h; path = ShowAllLocationsViewController.h; sourceTree = "<group>"; };
		35C63C99210E5888006C8B32 /* ShowAllLocationsViewController.m */ = {isa = PBXFileReference; lastKnownFileType = sourcecode.c.objc; path = ShowAllLocationsViewController.m; sourceTree = "<group>"; };
		35D8D53020EFE03E00B5D12C /* socialImpactApp.app */ = {isa = PBXFileReference; explicitFileType = wrapper.application; includeInIndex = 0; path = socialImpactApp.app; sourceTree = BUILT_PRODUCTS_DIR; };
		35D8D53320EFE03E00B5D12C /* AppDelegate.h */ = {isa = PBXFileReference; lastKnownFileType = sourcecode.c.h; path = AppDelegate.h; sourceTree = "<group>"; };
		35D8D53420EFE03E00B5D12C /* AppDelegate.m */ = {isa = PBXFileReference; lastKnownFileType = sourcecode.c.objc; path = AppDelegate.m; sourceTree = "<group>"; };
		35D8D53620EFE03E00B5D12C /* ViewController.h */ = {isa = PBXFileReference; lastKnownFileType = sourcecode.c.h; path = ViewController.h; sourceTree = "<group>"; };
		35D8D53720EFE03E00B5D12C /* ViewController.m */ = {isa = PBXFileReference; lastKnownFileType = sourcecode.c.objc; path = ViewController.m; sourceTree = "<group>"; };
		35D8D53A20EFE03E00B5D12C /* Base */ = {isa = PBXFileReference; lastKnownFileType = file.storyboard; name = Base; path = Base.lproj/Main.storyboard; sourceTree = "<group>"; };
		35D8D53C20EFE04000B5D12C /* Assets.xcassets */ = {isa = PBXFileReference; lastKnownFileType = folder.assetcatalog; path = Assets.xcassets; sourceTree = "<group>"; };
		35D8D53F20EFE04000B5D12C /* Base */ = {isa = PBXFileReference; lastKnownFileType = file.storyboard; name = Base; path = Base.lproj/LaunchScreen.storyboard; sourceTree = "<group>"; };
		35D8D54120EFE04000B5D12C /* Info.plist */ = {isa = PBXFileReference; lastKnownFileType = text.plist.xml; path = Info.plist; sourceTree = "<group>"; };
		35D8D54220EFE04000B5D12C /* main.m */ = {isa = PBXFileReference; lastKnownFileType = sourcecode.c.objc; path = main.m; sourceTree = "<group>"; };
		35D8D54820EFE04000B5D12C /* socialImpactAppTests.xctest */ = {isa = PBXFileReference; explicitFileType = wrapper.cfbundle; includeInIndex = 0; path = socialImpactAppTests.xctest; sourceTree = BUILT_PRODUCTS_DIR; };
		35D8D54C20EFE04000B5D12C /* socialImpactAppTests.m */ = {isa = PBXFileReference; lastKnownFileType = sourcecode.c.objc; path = socialImpactAppTests.m; sourceTree = "<group>"; };
		35D8D54E20EFE04000B5D12C /* Info.plist */ = {isa = PBXFileReference; lastKnownFileType = text.plist.xml; path = Info.plist; sourceTree = "<group>"; };
		35D8D55320EFE04000B5D12C /* socialImpactAppUITests.xctest */ = {isa = PBXFileReference; explicitFileType = wrapper.cfbundle; includeInIndex = 0; path = socialImpactAppUITests.xctest; sourceTree = BUILT_PRODUCTS_DIR; };
		35D8D55720EFE04000B5D12C /* socialImpactAppUITests.m */ = {isa = PBXFileReference; lastKnownFileType = sourcecode.c.objc; path = socialImpactAppUITests.m; sourceTree = "<group>"; };
		35D8D55920EFE04000B5D12C /* Info.plist */ = {isa = PBXFileReference; lastKnownFileType = text.plist.xml; path = Info.plist; sourceTree = "<group>"; };
		35E7D1312113E00D00230A31 /* MapTabViewController.h */ = {isa = PBXFileReference; lastKnownFileType = sourcecode.c.h; path = MapTabViewController.h; sourceTree = "<group>"; };
		35E7D1322113E00D00230A31 /* MapTabViewController.m */ = {isa = PBXFileReference; lastKnownFileType = sourcecode.c.objc; path = MapTabViewController.m; sourceTree = "<group>"; };
		4A2B5A5065D470831F56D7DE /* libPods-socialImpactApp.a */ = {isa = PBXFileReference; explicitFileType = archive.ar; includeInIndex = 0; path = "libPods-socialImpactApp.a"; sourceTree = BUILT_PRODUCTS_DIR; };
		5E94ED86BAEE91CC6196636C /* Pods-socialImpactApp.debug.xcconfig */ = {isa = PBXFileReference; includeInIndex = 1; lastKnownFileType = text.xcconfig; name = "Pods-socialImpactApp.debug.xcconfig"; path = "Pods/Target Support Files/Pods-socialImpactApp/Pods-socialImpactApp.debug.xcconfig"; sourceTree = "<group>"; };
		63271D50F8E957B54EE730BF /* Pods-socialImpactApp.release.xcconfig */ = {isa = PBXFileReference; includeInIndex = 1; lastKnownFileType = text.xcconfig; name = "Pods-socialImpactApp.release.xcconfig"; path = "Pods/Target Support Files/Pods-socialImpactApp/Pods-socialImpactApp.release.xcconfig"; sourceTree = "<group>"; };
		660BA003211A6D9F00C396BC /* AddLocationViewController.m */ = {isa = PBXFileReference; fileEncoding = 4; lastKnownFileType = sourcecode.c.objc; path = AddLocationViewController.m; sourceTree = "<group>"; };
		660BA008211A759800C396BC /* SingletonCalendar.h */ = {isa = PBXFileReference; lastKnownFileType = sourcecode.c.h; path = SingletonCalendar.h; sourceTree = "<group>"; };
		660BA009211A759800C396BC /* SingletonCalendar.m */ = {isa = PBXFileReference; lastKnownFileType = sourcecode.c.objc; path = SingletonCalendar.m; sourceTree = "<group>"; };
		660BA00B211B486200C396BC /* CalendarSingleton.h */ = {isa = PBXFileReference; lastKnownFileType = sourcecode.c.h; path = CalendarSingleton.h; sourceTree = "<group>"; };
		660BA00C211B486200C396BC /* CalendarSingleton.m */ = {isa = PBXFileReference; lastKnownFileType = sourcecode.c.objc; path = CalendarSingleton.m; sourceTree = "<group>"; };
		66198B8520FFFEB7009C7B66 /* Constants.h */ = {isa = PBXFileReference; lastKnownFileType = sourcecode.c.h; path = Constants.h; sourceTree = "<group>"; };
		661BAE7621062579007363CC /* SavedViewController.appex */ = {isa = PBXFileReference; explicitFileType = "wrapper.app-extension"; includeInIndex = 0; path = SavedViewController.appex; sourceTree = BUILT_PRODUCTS_DIR; };
		661BAE7821062579007363CC /* ActionViewController.h */ = {isa = PBXFileReference; lastKnownFileType = sourcecode.c.h; path = ActionViewController.h; sourceTree = "<group>"; };
		661BAE7921062579007363CC /* ActionViewController.m */ = {isa = PBXFileReference; lastKnownFileType = sourcecode.c.objc; path = ActionViewController.m; sourceTree = "<group>"; };
		661BAE7C21062579007363CC /* Base */ = {isa = PBXFileReference; lastKnownFileType = file.storyboard; name = Base; path = Base.lproj/MainInterface.storyboard; sourceTree = "<group>"; };
		661BAE7E21062579007363CC /* Info.plist */ = {isa = PBXFileReference; lastKnownFileType = text.plist.xml; path = Info.plist; sourceTree = "<group>"; };
		662885FF21092C9D0014196F /* TimelineViewController.h */ = {isa = PBXFileReference; lastKnownFileType = sourcecode.c.h; path = TimelineViewController.h; sourceTree = "<group>"; };
		6628860021092C9D0014196F /* TimelineViewController.m */ = {isa = PBXFileReference; lastKnownFileType = sourcecode.c.objc; path = TimelineViewController.m; sourceTree = "<group>"; };
		66379C9420FFF02D00487A3D /* SignUpViewController.h */ = {isa = PBXFileReference; lastKnownFileType = sourcecode.c.h; path = SignUpViewController.h; sourceTree = "<group>"; };
		66379C9520FFF02D00487A3D /* SignUpViewController.m */ = {isa = PBXFileReference; lastKnownFileType = sourcecode.c.objc; path = SignUpViewController.m; sourceTree = "<group>"; };
		6676328E2107ACCB00538E9B /* newsCycleFont.appex */ = {isa = PBXFileReference; explicitFileType = "wrapper.app-extension"; includeInIndex = 0; path = newsCycleFont.appex; sourceTree = BUILT_PRODUCTS_DIR; };
		667632902107ACCB00538E9B /* ActionViewController.h */ = {isa = PBXFileReference; lastKnownFileType = sourcecode.c.h; path = ActionViewController.h; sourceTree = "<group>"; };
		667632912107ACCB00538E9B /* ActionViewController.m */ = {isa = PBXFileReference; lastKnownFileType = sourcecode.c.objc; path = ActionViewController.m; sourceTree = "<group>"; };
		667632942107ACCB00538E9B /* Base */ = {isa = PBXFileReference; lastKnownFileType = file.storyboard; name = Base; path = Base.lproj/MainInterface.storyboard; sourceTree = "<group>"; };
		667632962107ACCB00538E9B /* Info.plist */ = {isa = PBXFileReference; lastKnownFileType = text.plist.xml; path = Info.plist; sourceTree = "<group>"; };
		667EEC33211225DE00F2A0FA /* FSCalendarCollectionView.m */ = {isa = PBXFileReference; fileEncoding = 4; lastKnownFileType = sourcecode.c.objc; path = FSCalendarCollectionView.m; sourceTree = "<group>"; };
		667EEC34211225DE00F2A0FA /* FSCalendarWeekdayView.h */ = {isa = PBXFileReference; fileEncoding = 4; lastKnownFileType = sourcecode.c.h; path = FSCalendarWeekdayView.h; sourceTree = "<group>"; };
		667EEC35211225DE00F2A0FA /* FSCalendarCollectionViewLayout.h */ = {isa = PBXFileReference; fileEncoding = 4; lastKnownFileType = sourcecode.c.h; path = FSCalendarCollectionViewLayout.h; sourceTree = "<group>"; };
		667EEC36211225DE00F2A0FA /* FSCalendarScopeHandle.h */ = {isa = PBXFileReference; fileEncoding = 4; lastKnownFileType = sourcecode.c.h; path = FSCalendarScopeHandle.h; sourceTree = "<group>"; };
		667EEC37211225DE00F2A0FA /* FSCalendarDelegationProxy.m */ = {isa = PBXFileReference; fileEncoding = 4; lastKnownFileType = sourcecode.c.objc; path = FSCalendarDelegationProxy.m; sourceTree = "<group>"; };
		667EEC38211225DE00F2A0FA /* FSCalendarExtensions.h */ = {isa = PBXFileReference; fileEncoding = 4; lastKnownFileType = sourcecode.c.h; path = FSCalendarExtensions.h; sourceTree = "<group>"; };
		667EEC39211225DE00F2A0FA /* FSCalendarDelegationFactory.m */ = {isa = PBXFileReference; fileEncoding = 4; lastKnownFileType = sourcecode.c.objc; path = FSCalendarDelegationFactory.m; sourceTree = "<group>"; };
		667EEC3A211225DE00F2A0FA /* FSCalendarCalculator.h */ = {isa = PBXFileReference; fileEncoding = 4; lastKnownFileType = sourcecode.c.h; path = FSCalendarCalculator.h; sourceTree = "<group>"; };
		667EEC3B211225DE00F2A0FA /* FSCalendarHeaderView.h */ = {isa = PBXFileReference; fileEncoding = 4; lastKnownFileType = sourcecode.c.h; path = FSCalendarHeaderView.h; sourceTree = "<group>"; };
		667EEC3C211225DE00F2A0FA /* FSCalendarConstants.h */ = {isa = PBXFileReference; fileEncoding = 4; lastKnownFileType = sourcecode.c.h; path = FSCalendarConstants.h; sourceTree = "<group>"; };
		667EEC3D211225DE00F2A0FA /* FSCalendarAppearance.h */ = {isa = PBXFileReference; fileEncoding = 4; lastKnownFileType = sourcecode.c.h; path = FSCalendarAppearance.h; sourceTree = "<group>"; };
		667EEC3E211225DE00F2A0FA /* FSCalendarTransitionCoordinator.h */ = {isa = PBXFileReference; fileEncoding = 4; lastKnownFileType = sourcecode.c.h; path = FSCalendarTransitionCoordinator.h; sourceTree = "<group>"; };
		667EEC3F211225DE00F2A0FA /* FSCalendarCell.m */ = {isa = PBXFileReference; fileEncoding = 4; lastKnownFileType = sourcecode.c.objc; path = FSCalendarCell.m; sourceTree = "<group>"; };
		667EEC40211225DE00F2A0FA /* FSCalendarStickyHeader.m */ = {isa = PBXFileReference; fileEncoding = 4; lastKnownFileType = sourcecode.c.objc; path = FSCalendarStickyHeader.m; sourceTree = "<group>"; };
		667EEC41211225DE00F2A0FA /* FSCalendar.m */ = {isa = PBXFileReference; fileEncoding = 4; lastKnownFileType = sourcecode.c.objc; path = FSCalendar.m; sourceTree = "<group>"; };
		667EEC42211225DE00F2A0FA /* FSCalendarCollectionViewLayout.m */ = {isa = PBXFileReference; fileEncoding = 4; lastKnownFileType = sourcecode.c.objc; path = FSCalendarCollectionViewLayout.m; sourceTree = "<group>"; };
		667EEC43211225DE00F2A0FA /* FSCalendarScopeHandle.m */ = {isa = PBXFileReference; fileEncoding = 4; lastKnownFileType = sourcecode.c.objc; path = FSCalendarScopeHandle.m; sourceTree = "<group>"; };
		667EEC44211225DE00F2A0FA /* FSCalendarWeekdayView.m */ = {isa = PBXFileReference; fileEncoding = 4; lastKnownFileType = sourcecode.c.objc; path = FSCalendarWeekdayView.m; sourceTree = "<group>"; };
		667EEC45211225DE00F2A0FA /* FSCalendarCollectionView.h */ = {isa = PBXFileReference; fileEncoding = 4; lastKnownFileType = sourcecode.c.h; path = FSCalendarCollectionView.h; sourceTree = "<group>"; };
		667EEC46211225DE00F2A0FA /* FSCalendarDynamicHeader.h */ = {isa = PBXFileReference; fileEncoding = 4; lastKnownFileType = sourcecode.c.h; path = FSCalendarDynamicHeader.h; sourceTree = "<group>"; };
		667EEC47211225DE00F2A0FA /* FSCalendarDelegationFactory.h */ = {isa = PBXFileReference; fileEncoding = 4; lastKnownFileType = sourcecode.c.h; path = FSCalendarDelegationFactory.h; sourceTree = "<group>"; };
		667EEC48211225DE00F2A0FA /* FSCalendarExtensions.m */ = {isa = PBXFileReference; fileEncoding = 4; lastKnownFileType = sourcecode.c.objc; path = FSCalendarExtensions.m; sourceTree = "<group>"; };
		667EEC49211225DE00F2A0FA /* FSCalendarDelegationProxy.h */ = {isa = PBXFileReference; fileEncoding = 4; lastKnownFileType = sourcecode.c.h; path = FSCalendarDelegationProxy.h; sourceTree = "<group>"; };
		667EEC4A211225DE00F2A0FA /* FSCalendar+Deprecated.m */ = {isa = PBXFileReference; fileEncoding = 4; lastKnownFileType = sourcecode.c.objc; path = "FSCalendar+Deprecated.m"; sourceTree = "<group>"; };
		667EEC4B211225DE00F2A0FA /* FSCalendarConstants.m */ = {isa = PBXFileReference; fileEncoding = 4; lastKnownFileType = sourcecode.c.objc; path = FSCalendarConstants.m; sourceTree = "<group>"; };
		667EEC4C211225DE00F2A0FA /* FSCalendarCalculator.m */ = {isa = PBXFileReference; fileEncoding = 4; lastKnownFileType = sourcecode.c.objc; path = FSCalendarCalculator.m; sourceTree = "<group>"; };
		667EEC4D211225DE00F2A0FA /* FSCalendarHeaderView.m */ = {isa = PBXFileReference; fileEncoding = 4; lastKnownFileType = sourcecode.c.objc; path = FSCalendarHeaderView.m; sourceTree = "<group>"; };
		667EEC4E211225DE00F2A0FA /* FSCalendarStickyHeader.h */ = {isa = PBXFileReference; fileEncoding = 4; lastKnownFileType = sourcecode.c.h; path = FSCalendarStickyHeader.h; sourceTree = "<group>"; };
		667EEC4F211225DE00F2A0FA /* FSCalendar.h */ = {isa = PBXFileReference; fileEncoding = 4; lastKnownFileType = sourcecode.c.h; path = FSCalendar.h; sourceTree = "<group>"; };
		667EEC50211225DE00F2A0FA /* FSCalendarCell.h */ = {isa = PBXFileReference; fileEncoding = 4; lastKnownFileType = sourcecode.c.h; path = FSCalendarCell.h; sourceTree = "<group>"; };
		667EEC51211225DE00F2A0FA /* FSCalendarTransitionCoordinator.m */ = {isa = PBXFileReference; fileEncoding = 4; lastKnownFileType = sourcecode.c.objc; path = FSCalendarTransitionCoordinator.m; sourceTree = "<group>"; };
		667EEC53211225DE00F2A0FA /* FSCalendarAppearance.m */ = {isa = PBXFileReference; fileEncoding = 4; lastKnownFileType = sourcecode.c.objc; path = FSCalendarAppearance.m; sourceTree = "<group>"; };
		667EEC6E211256EB00F2A0FA /* FSCalendarScopeExampleViewController.h */ = {isa = PBXFileReference; lastKnownFileType = sourcecode.c.h; path = FSCalendarScopeExampleViewController.h; sourceTree = "<group>"; };
		667EEC6F211256EB00F2A0FA /* FSCalendarScopeExampleViewController.m */ = {isa = PBXFileReference; lastKnownFileType = sourcecode.c.objc; path = FSCalendarScopeExampleViewController.m; sourceTree = "<group>"; };
		668334582114D1E300DAB895 /* TabBarViewController.h */ = {isa = PBXFileReference; lastKnownFileType = sourcecode.c.h; path = TabBarViewController.h; sourceTree = "<group>"; };
		668334592114D1E300DAB895 /* TabBarViewController.m */ = {isa = PBXFileReference; lastKnownFileType = sourcecode.c.objc; path = TabBarViewController.m; sourceTree = "<group>"; };
		66BF560B20FE5DAF00C1E39B /* VolunteerOpportunity.h */ = {isa = PBXFileReference; fileEncoding = 4; lastKnownFileType = sourcecode.c.h; path = VolunteerOpportunity.h; sourceTree = "<group>"; };
		66BF560C20FE5DAF00C1E39B /* VolunteerOpportunity.m */ = {isa = PBXFileReference; fileEncoding = 4; lastKnownFileType = sourcecode.c.objc; path = VolunteerOpportunity.m; sourceTree = "<group>"; };
		66BF560F20FE5DBB00C1E39B /* VolunteerOpportunityCell.m */ = {isa = PBXFileReference; fileEncoding = 4; lastKnownFileType = sourcecode.c.objc; path = VolunteerOpportunityCell.m; sourceTree = "<group>"; };
		66BF561020FE5DBB00C1E39B /* VolunteerOpportunityCell.h */ = {isa = PBXFileReference; fileEncoding = 4; lastKnownFileType = sourcecode.c.h; path = VolunteerOpportunityCell.h; sourceTree = "<group>"; };
		66BF561220FE5DF000C1E39B /* AddVolunteerOpportunityViewController.h */ = {isa = PBXFileReference; lastKnownFileType = sourcecode.c.h; path = AddVolunteerOpportunityViewController.h; sourceTree = "<group>"; };
		66BF561320FE5DF600C1E39B /* AddVolunteerOpportunityViewController.m */ = {isa = PBXFileReference; fileEncoding = 4; lastKnownFileType = sourcecode.c.objc; path = AddVolunteerOpportunityViewController.m; sourceTree = "<group>"; };
		66BF561520FE6A3E00C1E39B /* User.h */ = {isa = PBXFileReference; lastKnownFileType = sourcecode.c.h; path = User.h; sourceTree = "<group>"; };
		66BF561620FE6A3E00C1E39B /* User.m */ = {isa = PBXFileReference; lastKnownFileType = sourcecode.c.objc; path = User.m; sourceTree = "<group>"; };
		66BF561820FE932E00C1E39B /* SavedViewController.h */ = {isa = PBXFileReference; lastKnownFileType = sourcecode.c.h; path = SavedViewController.h; sourceTree = "<group>"; };
		66BF561920FE932E00C1E39B /* SavedViewController.m */ = {isa = PBXFileReference; lastKnownFileType = sourcecode.c.objc; path = SavedViewController.m; sourceTree = "<group>"; };
		66D7AF9E2114F55D0074562A /* TimelineTableViewCell.h */ = {isa = PBXFileReference; lastKnownFileType = sourcecode.c.h; path = TimelineTableViewCell.h; sourceTree = "<group>"; };
		66D7AF9F2114F55D0074562A /* TimelineTableViewCell.m */ = {isa = PBXFileReference; lastKnownFileType = sourcecode.c.objc; path = TimelineTableViewCell.m; sourceTree = "<group>"; };
		66D7AFA121150EB60074562A /* EventKit.framework */ = {isa = PBXFileReference; lastKnownFileType = wrapper.framework; name = EventKit.framework; path = System/Library/Frameworks/EventKit.framework; sourceTree = SDKROOT; };
		66D7AFA321150EBC0074562A /* EventKitUI.framework */ = {isa = PBXFileReference; lastKnownFileType = wrapper.framework; name = EventKitUI.framework; path = System/Library/Frameworks/EventKitUI.framework; sourceTree = SDKROOT; };
		71027CDC2FDD0873B9C15059 /* Pods-socialImpactAppTests.debug.xcconfig */ = {isa = PBXFileReference; includeInIndex = 1; lastKnownFileType = text.xcconfig; name = "Pods-socialImpactAppTests.debug.xcconfig"; path = "Pods/Target Support Files/Pods-socialImpactAppTests/Pods-socialImpactAppTests.debug.xcconfig"; sourceTree = "<group>"; };
		82D1B2DFDE6B4F153928CCBB /* libPods-socialImpactAppUITests.a */ = {isa = PBXFileReference; explicitFileType = archive.ar; includeInIndex = 0; path = "libPods-socialImpactAppUITests.a"; sourceTree = BUILT_PRODUCTS_DIR; };
		9E3B0A2E856F5A84C19262B7 /* Pods-socialImpactAppUITests.debug.xcconfig */ = {isa = PBXFileReference; includeInIndex = 1; lastKnownFileType = text.xcconfig; name = "Pods-socialImpactAppUITests.debug.xcconfig"; path = "Pods/Target Support Files/Pods-socialImpactAppUITests/Pods-socialImpactAppUITests.debug.xcconfig"; sourceTree = "<group>"; };
		E19E763DFD24563E71E7D3E8 /* Pods-socialImpactAppUITests.release.xcconfig */ = {isa = PBXFileReference; includeInIndex = 1; lastKnownFileType = text.xcconfig; name = "Pods-socialImpactAppUITests.release.xcconfig"; path = "Pods/Target Support Files/Pods-socialImpactAppUITests/Pods-socialImpactAppUITests.release.xcconfig"; sourceTree = "<group>"; };
/* End PBXFileReference section */

/* Begin PBXFrameworksBuildPhase section */
		35D8D52D20EFE03E00B5D12C /* Frameworks */ = {
			isa = PBXFrameworksBuildPhase;
			buildActionMask = 2147483647;
			files = (

				35816FCF21151F400075BAAE /* Social.framework in Frameworks */,

				66D7AFA421150EBC0074562A /* EventKitUI.framework in Frameworks */,
				66D7AFA221150EB60074562A /* EventKit.framework in Frameworks */,

				35B7627B2107895E0089739D /* CoreLocation.framework in Frameworks */,
				35B762792106CB3A0089739D /* MapKit.framework in Frameworks */,
				47D8A038FCB35C7777A968A0 /* libPods-socialImpactApp.a in Frameworks */,
			);
			runOnlyForDeploymentPostprocessing = 0;
		};
		35D8D54520EFE04000B5D12C /* Frameworks */ = {
			isa = PBXFrameworksBuildPhase;
			buildActionMask = 2147483647;
			files = (
				83391D8B8F392FDFD7EE65B7 /* libPods-socialImpactAppTests.a in Frameworks */,
			);
			runOnlyForDeploymentPostprocessing = 0;
		};
		35D8D55020EFE04000B5D12C /* Frameworks */ = {
			isa = PBXFrameworksBuildPhase;
			buildActionMask = 2147483647;
			files = (
				51216213CEC3A0D4FAF43C93 /* libPods-socialImpactAppUITests.a in Frameworks */,
			);
			runOnlyForDeploymentPostprocessing = 0;
		};
		661BAE7321062579007363CC /* Frameworks */ = {
			isa = PBXFrameworksBuildPhase;
			buildActionMask = 2147483647;
			files = (
			);
			runOnlyForDeploymentPostprocessing = 0;
		};
		6676328B2107ACCB00538E9B /* Frameworks */ = {
			isa = PBXFrameworksBuildPhase;
			buildActionMask = 2147483647;
			files = (
			);
			runOnlyForDeploymentPostprocessing = 0;
		};
/* End PBXFrameworksBuildPhase section */

/* Begin PBXGroup section */
		355718C020FC533B00D735EA /* ViewControllers */ = {
			isa = PBXGroup;
			children = (
				668334582114D1E300DAB895 /* TabBarViewController.h */,
				668334592114D1E300DAB895 /* TabBarViewController.m */,
				355718C120FC534D00D735EA /* LoginViewController.h */,
				355718C220FC534D00D735EA /* LoginViewController.m */,
				355718C420FC53AD00D735EA /* MenuViewController.h */,
				355718C520FC53AD00D735EA /* MenuViewController.m */,
				355718C720FC53E600D735EA /* DetailViewController.h */,
				355718C820FC53E600D735EA /* DetailViewController.m */,
				66BF561220FE5DF000C1E39B /* AddVolunteerOpportunityViewController.h */,
				66BF561320FE5DF600C1E39B /* AddVolunteerOpportunityViewController.m */,
				66BF561820FE932E00C1E39B /* SavedViewController.h */,
				66BF561920FE932E00C1E39B /* SavedViewController.m */,
				3529DCEA20FFCA150057F133 /* AddTagViewController.h */,
				3529DCEB20FFCA150057F133 /* AddTagViewController.m */,
				354307EC21013B650045A8FD /* UserProfileViewController.h */,
				354307ED21013B660045A8FD /* UserProfileViewController.m */,
				66379C9420FFF02D00487A3D /* SignUpViewController.h */,
				66379C9520FFF02D00487A3D /* SignUpViewController.m */,
				354307F2210149B70045A8FD /* EditUserProfileViewController.h */,
				354307F3210149B70045A8FD /* EditUserProfileViewController.m */,
				35AC5DDC210A418A004BF87A /* ShowLocationViewController.h */,
				35AC5DDD210A418A004BF87A /* ShowLocationViewController.m */,

				35C63C98210E5888006C8B32 /* ShowAllLocationsViewController.h */,
				35C63C99210E5888006C8B32 /* ShowAllLocationsViewController.m */,
				662885FF21092C9D0014196F /* TimelineViewController.h */,
				6628860021092C9D0014196F /* TimelineViewController.m */,
				35B762752106B06D0089739D /* AddLocationViewController.h */,
				35B762762106B06D0089739D /* AddLocationViewController.m */,
				35E7D1312113E00D00230A31 /* MapTabViewController.h */,
				35E7D1322113E00D00230A31 /* MapTabViewController.m */,

				662885FF21092C9D0014196F /* TimelineViewController.h */,
				6628860021092C9D0014196F /* TimelineViewController.m */,
				35B762752106B06D0089739D /* AddLocationViewController.h */,
				660BA003211A6D9F00C396BC /* AddLocationViewController.m */,

				66BF560A20FE5DAF00C1E39B /* Models */,
				667EEC6E211256EB00F2A0FA /* FSCalendarScopeExampleViewController.h */,
				667EEC6F211256EB00F2A0FA /* FSCalendarScopeExampleViewController.m */,
			);
			path = ViewControllers;
			sourceTree = "<group>";
		};
		35B7626C21067B4E0089739D /* News_Cycle */ = {
			isa = PBXGroup;
			children = (
				35B7626D21067B4E0089739D /* NewsCycle-Regular.ttf */,
				35B7626E21067B4E0089739D /* NewsCycle-Bold.ttf */,
				35B7626F21067B4E0089739D /* OFL.txt */,
			);
			name = News_Cycle;
			path = "../../../../Downloads/fonts (1)/News_Cycle";
			sourceTree = "<group>";
		};
		35D8D52720EFE03E00B5D12C = {
			isa = PBXGroup;
			children = (
				35D8D53220EFE03E00B5D12C /* socialImpactApp */,
				35D8D54B20EFE04000B5D12C /* socialImpactAppTests */,
				35D8D55620EFE04000B5D12C /* socialImpactAppUITests */,
				661BAE7721062579007363CC /* SavedViewController */,
				6676328F2107ACCB00538E9B /* newsCycleFont */,
				35D8D53120EFE03E00B5D12C /* Products */,
				60B4327F47C819993A5E07EC /* Pods */,
				B869D6796AE17E91CF0BB5B8 /* Frameworks */,
			);
			sourceTree = "<group>";
		};
		35D8D53120EFE03E00B5D12C /* Products */ = {
			isa = PBXGroup;
			children = (
				35D8D53020EFE03E00B5D12C /* socialImpactApp.app */,
				35D8D54820EFE04000B5D12C /* socialImpactAppTests.xctest */,
				35D8D55320EFE04000B5D12C /* socialImpactAppUITests.xctest */,
				661BAE7621062579007363CC /* SavedViewController.appex */,
				6676328E2107ACCB00538E9B /* newsCycleFont.appex */,
			);
			name = Products;
			sourceTree = "<group>";
		};
		35D8D53220EFE03E00B5D12C /* socialImpactApp */ = {
			isa = PBXGroup;
			children = (
				667EEC32211225DE00F2A0FA /* FSCalendar */,
				35B7626C21067B4E0089739D /* News_Cycle */,
				66198B8420FFFE92009C7B66 /* Utility */,
				66BF560E20FE5DBB00C1E39B /* Views */,
				355718C020FC533B00D735EA /* ViewControllers */,
				35D8D53320EFE03E00B5D12C /* AppDelegate.h */,
				35D8D53420EFE03E00B5D12C /* AppDelegate.m */,
				35D8D53620EFE03E00B5D12C /* ViewController.h */,
				35D8D53720EFE03E00B5D12C /* ViewController.m */,
				35D8D53920EFE03E00B5D12C /* Main.storyboard */,
				35D8D53C20EFE04000B5D12C /* Assets.xcassets */,
				35D8D54220EFE04000B5D12C /* main.m */,
				35D8D53E20EFE04000B5D12C /* LaunchScreen.storyboard */,
				35D8D54120EFE04000B5D12C /* Info.plist */,
				660BA008211A759800C396BC /* SingletonCalendar.h */,
				660BA009211A759800C396BC /* SingletonCalendar.m */,
				660BA00B211B486200C396BC /* CalendarSingleton.h */,
				660BA00C211B486200C396BC /* CalendarSingleton.m */,
			);
			path = socialImpactApp;
			sourceTree = "<group>";
		};
		35D8D54B20EFE04000B5D12C /* socialImpactAppTests */ = {
			isa = PBXGroup;
			children = (
				35D8D54C20EFE04000B5D12C /* socialImpactAppTests.m */,
				35D8D54E20EFE04000B5D12C /* Info.plist */,
			);
			path = socialImpactAppTests;
			sourceTree = "<group>";
		};
		35D8D55620EFE04000B5D12C /* socialImpactAppUITests */ = {
			isa = PBXGroup;
			children = (
				35D8D55720EFE04000B5D12C /* socialImpactAppUITests.m */,
				35D8D55920EFE04000B5D12C /* Info.plist */,
			);
			path = socialImpactAppUITests;
			sourceTree = "<group>";
		};
		60B4327F47C819993A5E07EC /* Pods */ = {
			isa = PBXGroup;
			children = (
				5E94ED86BAEE91CC6196636C /* Pods-socialImpactApp.debug.xcconfig */,
				63271D50F8E957B54EE730BF /* Pods-socialImpactApp.release.xcconfig */,
				71027CDC2FDD0873B9C15059 /* Pods-socialImpactAppTests.debug.xcconfig */,
				0920CAF78102BC2876E695E8 /* Pods-socialImpactAppTests.release.xcconfig */,
				9E3B0A2E856F5A84C19262B7 /* Pods-socialImpactAppUITests.debug.xcconfig */,
				E19E763DFD24563E71E7D3E8 /* Pods-socialImpactAppUITests.release.xcconfig */,
			);
			name = Pods;
			sourceTree = "<group>";
		};
		66198B8420FFFE92009C7B66 /* Utility */ = {
			isa = PBXGroup;
			children = (
				66198B8520FFFEB7009C7B66 /* Constants.h */,
			);
			path = Utility;
			sourceTree = "<group>";
		};
		661BAE7721062579007363CC /* SavedViewController */ = {
			isa = PBXGroup;
			children = (
				661BAE7821062579007363CC /* ActionViewController.h */,
				661BAE7921062579007363CC /* ActionViewController.m */,
				661BAE7B21062579007363CC /* MainInterface.storyboard */,
				661BAE7E21062579007363CC /* Info.plist */,
			);
			path = SavedViewController;
			sourceTree = "<group>";
		};
		6676328F2107ACCB00538E9B /* newsCycleFont */ = {
			isa = PBXGroup;
			children = (
				667632902107ACCB00538E9B /* ActionViewController.h */,
				667632912107ACCB00538E9B /* ActionViewController.m */,
				667632932107ACCB00538E9B /* MainInterface.storyboard */,
				667632962107ACCB00538E9B /* Info.plist */,
			);
			path = newsCycleFont;
			sourceTree = "<group>";
		};
		667EEC32211225DE00F2A0FA /* FSCalendar */ = {
			isa = PBXGroup;
			children = (
				667EEC33211225DE00F2A0FA /* FSCalendarCollectionView.m */,
				667EEC34211225DE00F2A0FA /* FSCalendarWeekdayView.h */,
				667EEC35211225DE00F2A0FA /* FSCalendarCollectionViewLayout.h */,
				667EEC36211225DE00F2A0FA /* FSCalendarScopeHandle.h */,
				667EEC37211225DE00F2A0FA /* FSCalendarDelegationProxy.m */,
				667EEC38211225DE00F2A0FA /* FSCalendarExtensions.h */,
				667EEC39211225DE00F2A0FA /* FSCalendarDelegationFactory.m */,
				667EEC3A211225DE00F2A0FA /* FSCalendarCalculator.h */,
				667EEC3B211225DE00F2A0FA /* FSCalendarHeaderView.h */,
				667EEC3C211225DE00F2A0FA /* FSCalendarConstants.h */,
				667EEC3D211225DE00F2A0FA /* FSCalendarAppearance.h */,
				667EEC3E211225DE00F2A0FA /* FSCalendarTransitionCoordinator.h */,
				667EEC3F211225DE00F2A0FA /* FSCalendarCell.m */,
				667EEC40211225DE00F2A0FA /* FSCalendarStickyHeader.m */,
				667EEC41211225DE00F2A0FA /* FSCalendar.m */,
				667EEC42211225DE00F2A0FA /* FSCalendarCollectionViewLayout.m */,
				667EEC43211225DE00F2A0FA /* FSCalendarScopeHandle.m */,
				667EEC44211225DE00F2A0FA /* FSCalendarWeekdayView.m */,
				667EEC45211225DE00F2A0FA /* FSCalendarCollectionView.h */,
				667EEC46211225DE00F2A0FA /* FSCalendarDynamicHeader.h */,
				667EEC47211225DE00F2A0FA /* FSCalendarDelegationFactory.h */,
				667EEC48211225DE00F2A0FA /* FSCalendarExtensions.m */,
				667EEC49211225DE00F2A0FA /* FSCalendarDelegationProxy.h */,
				667EEC4A211225DE00F2A0FA /* FSCalendar+Deprecated.m */,
				667EEC4B211225DE00F2A0FA /* FSCalendarConstants.m */,
				667EEC4C211225DE00F2A0FA /* FSCalendarCalculator.m */,
				667EEC4D211225DE00F2A0FA /* FSCalendarHeaderView.m */,
				667EEC4E211225DE00F2A0FA /* FSCalendarStickyHeader.h */,
				667EEC4F211225DE00F2A0FA /* FSCalendar.h */,
				667EEC50211225DE00F2A0FA /* FSCalendarCell.h */,
				667EEC51211225DE00F2A0FA /* FSCalendarTransitionCoordinator.m */,
				667EEC53211225DE00F2A0FA /* FSCalendarAppearance.m */,
			);
			path = FSCalendar;
			sourceTree = "<group>";
		};
		66BF560A20FE5DAF00C1E39B /* Models */ = {
			isa = PBXGroup;
			children = (
				66BF560B20FE5DAF00C1E39B /* VolunteerOpportunity.h */,
				66BF560C20FE5DAF00C1E39B /* VolunteerOpportunity.m */,
				66BF561520FE6A3E00C1E39B /* User.h */,
				66BF561620FE6A3E00C1E39B /* User.m */,
			);
			path = Models;
			sourceTree = "<group>";
		};
		66BF560E20FE5DBB00C1E39B /* Views */ = {
			isa = PBXGroup;
			children = (
				66BF561020FE5DBB00C1E39B /* VolunteerOpportunityCell.h */,
				66BF560F20FE5DBB00C1E39B /* VolunteerOpportunityCell.m */,
				35B762CF2108E4E60089739D /* SearchTableViewCell.h */,
				35B762D02108E4E60089739D /* SearchTableViewCell.m */,
				35469425211A6F73000176F6 /* DetailTableViewCell.h */,
				35469426211A6F73000176F6 /* DetailTableViewCell.m */,
				667632832107AC6600538E9B /* News_Cycle */,
				
				66D7AF9E2114F55D0074562A /* TimelineTableViewCell.h */,
				66D7AF9F2114F55D0074562A /* TimelineTableViewCell.m */,
			);
			path = Views;
			sourceTree = "<group>";
		};
		B869D6796AE17E91CF0BB5B8 /* Frameworks */ = {
			isa = PBXGroup;
			children = (

				35816FCD21150FDA0075BAAE /* Social.framework */,

				66D7AFA321150EBC0074562A /* EventKitUI.framework */,
				66D7AFA121150EB60074562A /* EventKit.framework */,
				35B7627A2107895E0089739D /* CoreLocation.framework */,
				35B762782106CB3A0089739D /* MapKit.framework */,
				4A2B5A5065D470831F56D7DE /* libPods-socialImpactApp.a */,
				29C54D53F8DF8C1846F5D92C /* libPods-socialImpactAppTests.a */,
				82D1B2DFDE6B4F153928CCBB /* libPods-socialImpactAppUITests.a */,
			);
			name = Frameworks;
			sourceTree = "<group>";
		};
/* End PBXGroup section */

/* Begin PBXNativeTarget section */
		35D8D52F20EFE03E00B5D12C /* socialImpactApp */ = {
			isa = PBXNativeTarget;
			buildConfigurationList = 35D8D55C20EFE04000B5D12C /* Build configuration list for PBXNativeTarget "socialImpactApp" */;
			buildPhases = (
				F897CC7FB8D90790581CF142 /* [CP] Check Pods Manifest.lock */,
				35D8D52C20EFE03E00B5D12C /* Sources */,
				35D8D52D20EFE03E00B5D12C /* Frameworks */,
				35D8D52E20EFE03E00B5D12C /* Resources */,
				EE68753B51F452C1AE6BC386 /* [CP] Copy Pods Resources */,
			);
			buildRules = (
			);
			dependencies = (
				667632982107ACCB00538E9B /* PBXTargetDependency */,
			);
			name = socialImpactApp;
			productName = socialImpactApp;
			productReference = 35D8D53020EFE03E00B5D12C /* socialImpactApp.app */;
			productType = "com.apple.product-type.application";
		};
		35D8D54720EFE04000B5D12C /* socialImpactAppTests */ = {
			isa = PBXNativeTarget;
			buildConfigurationList = 35D8D55F20EFE04000B5D12C /* Build configuration list for PBXNativeTarget "socialImpactAppTests" */;
			buildPhases = (
				24F62BF0863DD1D3BD5DE81C /* [CP] Check Pods Manifest.lock */,
				35D8D54420EFE04000B5D12C /* Sources */,
				35D8D54520EFE04000B5D12C /* Frameworks */,
				35D8D54620EFE04000B5D12C /* Resources */,
			);
			buildRules = (
			);
			dependencies = (
				35D8D54A20EFE04000B5D12C /* PBXTargetDependency */,
			);
			name = socialImpactAppTests;
			productName = socialImpactAppTests;
			productReference = 35D8D54820EFE04000B5D12C /* socialImpactAppTests.xctest */;
			productType = "com.apple.product-type.bundle.unit-test";
		};
		35D8D55220EFE04000B5D12C /* socialImpactAppUITests */ = {
			isa = PBXNativeTarget;
			buildConfigurationList = 35D8D56220EFE04000B5D12C /* Build configuration list for PBXNativeTarget "socialImpactAppUITests" */;
			buildPhases = (
				E3783BE2FE50453421278C16 /* [CP] Check Pods Manifest.lock */,
				35D8D54F20EFE04000B5D12C /* Sources */,
				35D8D55020EFE04000B5D12C /* Frameworks */,
				35D8D55120EFE04000B5D12C /* Resources */,
			);
			buildRules = (
			);
			dependencies = (
				35D8D55520EFE04000B5D12C /* PBXTargetDependency */,
			);
			name = socialImpactAppUITests;
			productName = socialImpactAppUITests;
			productReference = 35D8D55320EFE04000B5D12C /* socialImpactAppUITests.xctest */;
			productType = "com.apple.product-type.bundle.ui-testing";
		};
		661BAE7521062579007363CC /* SavedViewController */ = {
			isa = PBXNativeTarget;
			buildConfigurationList = 661BAE8221062579007363CC /* Build configuration list for PBXNativeTarget "SavedViewController" */;
			buildPhases = (
				661BAE7221062579007363CC /* Sources */,
				661BAE7321062579007363CC /* Frameworks */,
				661BAE7421062579007363CC /* Resources */,
			);
			buildRules = (
			);
			dependencies = (
			);
			name = SavedViewController;
			productName = SavedViewController;
			productReference = 661BAE7621062579007363CC /* SavedViewController.appex */;
			productType = "com.apple.product-type.app-extension";
		};
		6676328D2107ACCB00538E9B /* newsCycleFont */ = {
			isa = PBXNativeTarget;
			buildConfigurationList = 6676329A2107ACCB00538E9B /* Build configuration list for PBXNativeTarget "newsCycleFont" */;
			buildPhases = (
				6676328A2107ACCB00538E9B /* Sources */,
				6676328B2107ACCB00538E9B /* Frameworks */,
				6676328C2107ACCB00538E9B /* Resources */,
			);
			buildRules = (
			);
			dependencies = (
			);
			name = newsCycleFont;
			productName = newsCycleFont;
			productReference = 6676328E2107ACCB00538E9B /* newsCycleFont.appex */;
			productType = "com.apple.product-type.app-extension";
		};
/* End PBXNativeTarget section */

/* Begin PBXProject section */
		35D8D52820EFE03E00B5D12C /* Project object */ = {
			isa = PBXProject;
			attributes = {
				LastUpgradeCheck = 0940;
				ORGANIZATIONNAME = teamMorgan;
				TargetAttributes = {
					35D8D52F20EFE03E00B5D12C = {
						CreatedOnToolsVersion = 9.4.1;
					};
					35D8D54720EFE04000B5D12C = {
						CreatedOnToolsVersion = 9.4.1;
						TestTargetID = 35D8D52F20EFE03E00B5D12C;
					};
					35D8D55220EFE04000B5D12C = {
						CreatedOnToolsVersion = 9.4.1;
						TestTargetID = 35D8D52F20EFE03E00B5D12C;
					};
					661BAE7521062579007363CC = {
						CreatedOnToolsVersion = 9.4.1;
					};
					6676328D2107ACCB00538E9B = {
						CreatedOnToolsVersion = 9.4.1;
					};
				};
			};
			buildConfigurationList = 35D8D52B20EFE03E00B5D12C /* Build configuration list for PBXProject "socialImpactApp" */;
			compatibilityVersion = "Xcode 9.3";
			developmentRegion = en;
			hasScannedForEncodings = 0;
			knownRegions = (
				en,
				Base,
			);
			mainGroup = 35D8D52720EFE03E00B5D12C;
			productRefGroup = 35D8D53120EFE03E00B5D12C /* Products */;
			projectDirPath = "";
			projectRoot = "";
			targets = (
				35D8D52F20EFE03E00B5D12C /* socialImpactApp */,
				35D8D54720EFE04000B5D12C /* socialImpactAppTests */,
				35D8D55220EFE04000B5D12C /* socialImpactAppUITests */,
				661BAE7521062579007363CC /* SavedViewController */,
				6676328D2107ACCB00538E9B /* newsCycleFont */,
			);
		};
/* End PBXProject section */

/* Begin PBXResourcesBuildPhase section */
		35D8D52E20EFE03E00B5D12C /* Resources */ = {
			isa = PBXResourcesBuildPhase;
			buildActionMask = 2147483647;
			files = (
				35B7627221067B500089739D /* OFL.txt in Resources */,
				35D8D54020EFE04000B5D12C /* LaunchScreen.storyboard in Resources */,
				35B7627021067B500089739D /* NewsCycle-Regular.ttf in Resources */,
				35D8D53D20EFE04000B5D12C /* Assets.xcassets in Resources */,
				35D8D53B20EFE03E00B5D12C /* Main.storyboard in Resources */,
				35B7627121067B500089739D /* NewsCycle-Bold.ttf in Resources */,
			);
			runOnlyForDeploymentPostprocessing = 0;
		};
		35D8D54620EFE04000B5D12C /* Resources */ = {
			isa = PBXResourcesBuildPhase;
			buildActionMask = 2147483647;
			files = (
			);
			runOnlyForDeploymentPostprocessing = 0;
		};
		35D8D55120EFE04000B5D12C /* Resources */ = {
			isa = PBXResourcesBuildPhase;
			buildActionMask = 2147483647;
			files = (
			);
			runOnlyForDeploymentPostprocessing = 0;
		};
		661BAE7421062579007363CC /* Resources */ = {
			isa = PBXResourcesBuildPhase;
			buildActionMask = 2147483647;
			files = (
				661BAE7D21062579007363CC /* MainInterface.storyboard in Resources */,
			);
			runOnlyForDeploymentPostprocessing = 0;
		};
		6676328C2107ACCB00538E9B /* Resources */ = {
			isa = PBXResourcesBuildPhase;
			buildActionMask = 2147483647;
			files = (
				667632952107ACCB00538E9B /* MainInterface.storyboard in Resources */,
				6676329D2107ACD900538E9B /* Main.storyboard in Resources */,
			);
			runOnlyForDeploymentPostprocessing = 0;
		};
/* End PBXResourcesBuildPhase section */

/* Begin PBXShellScriptBuildPhase section */
		24F62BF0863DD1D3BD5DE81C /* [CP] Check Pods Manifest.lock */ = {
			isa = PBXShellScriptBuildPhase;
			buildActionMask = 2147483647;
			files = (
			);
			inputPaths = (
				"${PODS_PODFILE_DIR_PATH}/Podfile.lock",
				"${PODS_ROOT}/Manifest.lock",
			);
			name = "[CP] Check Pods Manifest.lock";
			outputPaths = (
				"$(DERIVED_FILE_DIR)/Pods-socialImpactAppTests-checkManifestLockResult.txt",
			);
			runOnlyForDeploymentPostprocessing = 0;
			shellPath = /bin/sh;
			shellScript = "diff \"${PODS_PODFILE_DIR_PATH}/Podfile.lock\" \"${PODS_ROOT}/Manifest.lock\" > /dev/null\nif [ $? != 0 ] ; then\n    # print error to STDERR\n    echo \"error: The sandbox is not in sync with the Podfile.lock. Run 'pod install' or update your CocoaPods installation.\" >&2\n    exit 1\nfi\n# This output is used by Xcode 'outputs' to avoid re-running this script phase.\necho \"SUCCESS\" > \"${SCRIPT_OUTPUT_FILE_0}\"\n";
			showEnvVarsInLog = 0;
		};
		E3783BE2FE50453421278C16 /* [CP] Check Pods Manifest.lock */ = {
			isa = PBXShellScriptBuildPhase;
			buildActionMask = 2147483647;
			files = (
			);
			inputPaths = (
				"${PODS_PODFILE_DIR_PATH}/Podfile.lock",
				"${PODS_ROOT}/Manifest.lock",
			);
			name = "[CP] Check Pods Manifest.lock";
			outputPaths = (
				"$(DERIVED_FILE_DIR)/Pods-socialImpactAppUITests-checkManifestLockResult.txt",
			);
			runOnlyForDeploymentPostprocessing = 0;
			shellPath = /bin/sh;
			shellScript = "diff \"${PODS_PODFILE_DIR_PATH}/Podfile.lock\" \"${PODS_ROOT}/Manifest.lock\" > /dev/null\nif [ $? != 0 ] ; then\n    # print error to STDERR\n    echo \"error: The sandbox is not in sync with the Podfile.lock. Run 'pod install' or update your CocoaPods installation.\" >&2\n    exit 1\nfi\n# This output is used by Xcode 'outputs' to avoid re-running this script phase.\necho \"SUCCESS\" > \"${SCRIPT_OUTPUT_FILE_0}\"\n";
			showEnvVarsInLog = 0;
		};
		EE68753B51F452C1AE6BC386 /* [CP] Copy Pods Resources */ = {
			isa = PBXShellScriptBuildPhase;
			buildActionMask = 2147483647;
			files = (
			);
			inputPaths = (
				"${SRCROOT}/Pods/Target Support Files/Pods-socialImpactApp/Pods-socialImpactApp-resources.sh",
				"${PODS_ROOT}/FBSDKCoreKit/FacebookSDKStrings.bundle",
				"${PODS_CONFIGURATION_BUILD_DIR}/Parse/Parse.bundle",
				"${PODS_ROOT}/ParseUI/ParseUI/Resources/Localization/en.lproj",
				"${PODS_ROOT}/ParseUI/ParseUI/Resources/Localization/fr.lproj",
				"${PODS_ROOT}/ParseUI/ParseUI/Resources/Localization/pt-BR.lproj",
			);
			name = "[CP] Copy Pods Resources";
			outputPaths = (
				"${TARGET_BUILD_DIR}/${UNLOCALIZED_RESOURCES_FOLDER_PATH}/FacebookSDKStrings.bundle",
				"${TARGET_BUILD_DIR}/${UNLOCALIZED_RESOURCES_FOLDER_PATH}/Parse.bundle",
				"${TARGET_BUILD_DIR}/${UNLOCALIZED_RESOURCES_FOLDER_PATH}/en.lproj",
				"${TARGET_BUILD_DIR}/${UNLOCALIZED_RESOURCES_FOLDER_PATH}/fr.lproj",
				"${TARGET_BUILD_DIR}/${UNLOCALIZED_RESOURCES_FOLDER_PATH}/pt-BR.lproj",
			);
			runOnlyForDeploymentPostprocessing = 0;
			shellPath = /bin/sh;
			shellScript = "\"${SRCROOT}/Pods/Target Support Files/Pods-socialImpactApp/Pods-socialImpactApp-resources.sh\"\n";
			showEnvVarsInLog = 0;
		};
		F897CC7FB8D90790581CF142 /* [CP] Check Pods Manifest.lock */ = {
			isa = PBXShellScriptBuildPhase;
			buildActionMask = 2147483647;
			files = (
			);
			inputPaths = (
				"${PODS_PODFILE_DIR_PATH}/Podfile.lock",
				"${PODS_ROOT}/Manifest.lock",
			);
			name = "[CP] Check Pods Manifest.lock";
			outputPaths = (
				"$(DERIVED_FILE_DIR)/Pods-socialImpactApp-checkManifestLockResult.txt",
			);
			runOnlyForDeploymentPostprocessing = 0;
			shellPath = /bin/sh;
			shellScript = "diff \"${PODS_PODFILE_DIR_PATH}/Podfile.lock\" \"${PODS_ROOT}/Manifest.lock\" > /dev/null\nif [ $? != 0 ] ; then\n    # print error to STDERR\n    echo \"error: The sandbox is not in sync with the Podfile.lock. Run 'pod install' or update your CocoaPods installation.\" >&2\n    exit 1\nfi\n# This output is used by Xcode 'outputs' to avoid re-running this script phase.\necho \"SUCCESS\" > \"${SCRIPT_OUTPUT_FILE_0}\"\n";
			showEnvVarsInLog = 0;
		};
/* End PBXShellScriptBuildPhase section */

/* Begin PBXSourcesBuildPhase section */
		35D8D52C20EFE03E00B5D12C /* Sources */ = {
			isa = PBXSourcesBuildPhase;
			buildActionMask = 2147483647;
			files = (
				667EEC5E211225DE00F2A0FA /* FSCalendar+Deprecated.m in Sources */,
				354307EE21013B660045A8FD /* UserProfileViewController.m in Sources */,
				66BF561720FE6A3E00C1E39B /* User.m in Sources */,
				667EEC64211225DE00F2A0FA /* FSCalendarAppearance.m in Sources */,
				660BA00A211A759800C396BC /* SingletonCalendar.m in Sources */,
				355718C320FC534D00D735EA /* LoginViewController.m in Sources */,
				667EEC62211225DE00F2A0FA /* FSCalendarTransitionCoordinator.m in Sources */,
				667EEC57211225DE00F2A0FA /* FSCalendarCell.m in Sources */,
				660BA004211A6D9F00C396BC /* AddLocationViewController.m in Sources */,
				667EEC5C211225DE00F2A0FA /* FSCalendarWeekdayView.m in Sources */,
				35D8D53820EFE03E00B5D12C /* ViewController.m in Sources */,
				667EEC54211225DE00F2A0FA /* FSCalendarCollectionView.m in Sources */,
				667EEC70211256EB00F2A0FA /* FSCalendarScopeExampleViewController.m in Sources */,
				35D8D54320EFE04000B5D12C /* main.m in Sources */,
				66BF561120FE5DBB00C1E39B /* VolunteerOpportunityCell.m in Sources */,
				66BF561A20FE932E00C1E39B /* SavedViewController.m in Sources */,
				667EEC60211225DE00F2A0FA /* FSCalendarCalculator.m in Sources */,
				6683345A2114D1E300DAB895 /* TabBarViewController.m in Sources */,
				667EEC5A211225DE00F2A0FA /* FSCalendarCollectionViewLayout.m in Sources */,
				35B762D12108E4E60089739D /* SearchTableViewCell.m in Sources */,
				667EEC5D211225DE00F2A0FA /* FSCalendarExtensions.m in Sources */,
				667EEC5B211225DE00F2A0FA /* FSCalendarScopeHandle.m in Sources */,
				35D8D53520EFE03E00B5D12C /* AppDelegate.m in Sources */,
				66BF561420FE5DF600C1E39B /* AddVolunteerOpportunityViewController.m in Sources */,
				6628860121092C9D0014196F /* TimelineViewController.m in Sources */,

				35C63C9A210E5888006C8B32 /* ShowAllLocationsViewController.m in Sources */,
				355718C620FC53AD00D735EA /* MenuViewController.m in Sources */,
				35469427211A6F73000176F6 /* DetailTableViewCell.m in Sources */,

				667EEC55211225DE00F2A0FA /* FSCalendarDelegationProxy.m in Sources */,
				667EEC56211225DE00F2A0FA /* FSCalendarDelegationFactory.m in Sources */,
				355718C620FC53AD00D735EA /* MenuViewController.m in Sources */,
				667EEC58211225DE00F2A0FA /* FSCalendarStickyHeader.m in Sources */,
				667EEC59211225DE00F2A0FA /* FSCalendar.m in Sources */,
				66D7AFA02114F55D0074562A /* TimelineTableViewCell.m in Sources */,
				667EEC5F211225DE00F2A0FA /* FSCalendarConstants.m in Sources */,
				35AC5DDE210A418A004BF87A /* ShowLocationViewController.m in Sources */,
				355718C920FC53E600D735EA /* DetailViewController.m in Sources */,
				66379C9620FFF02D00487A3D /* SignUpViewController.m in Sources */,
				660BA00D211B486200C396BC /* CalendarSingleton.m in Sources */,
				66BF560D20FE5DAF00C1E39B /* VolunteerOpportunity.m in Sources */,
				35E7D1332113E00D00230A31 /* MapTabViewController.m in Sources */,
				3529DCEC20FFCA150057F133 /* AddTagViewController.m in Sources */,
				354307F4210149B70045A8FD /* EditUserProfileViewController.m in Sources */,
				667EEC61211225DE00F2A0FA /* FSCalendarHeaderView.m in Sources */,
			);
			runOnlyForDeploymentPostprocessing = 0;
		};
		35D8D54420EFE04000B5D12C /* Sources */ = {
			isa = PBXSourcesBuildPhase;
			buildActionMask = 2147483647;
			files = (
				35D8D54D20EFE04000B5D12C /* socialImpactAppTests.m in Sources */,
			);
			runOnlyForDeploymentPostprocessing = 0;
		};
		35D8D54F20EFE04000B5D12C /* Sources */ = {
			isa = PBXSourcesBuildPhase;
			buildActionMask = 2147483647;
			files = (
				35D8D55820EFE04000B5D12C /* socialImpactAppUITests.m in Sources */,
			);
			runOnlyForDeploymentPostprocessing = 0;
		};
		661BAE7221062579007363CC /* Sources */ = {
			isa = PBXSourcesBuildPhase;
			buildActionMask = 2147483647;
			files = (
				661BAE7A21062579007363CC /* ActionViewController.m in Sources */,
			);
			runOnlyForDeploymentPostprocessing = 0;
		};
		6676328A2107ACCB00538E9B /* Sources */ = {
			isa = PBXSourcesBuildPhase;
			buildActionMask = 2147483647;
			files = (
				667632922107ACCB00538E9B /* ActionViewController.m in Sources */,
			);
			runOnlyForDeploymentPostprocessing = 0;
		};
/* End PBXSourcesBuildPhase section */

/* Begin PBXTargetDependency section */
		35D8D54A20EFE04000B5D12C /* PBXTargetDependency */ = {
			isa = PBXTargetDependency;
			target = 35D8D52F20EFE03E00B5D12C /* socialImpactApp */;
			targetProxy = 35D8D54920EFE04000B5D12C /* PBXContainerItemProxy */;
		};
		35D8D55520EFE04000B5D12C /* PBXTargetDependency */ = {
			isa = PBXTargetDependency;
			target = 35D8D52F20EFE03E00B5D12C /* socialImpactApp */;
			targetProxy = 35D8D55420EFE04000B5D12C /* PBXContainerItemProxy */;
		};
		667632982107ACCB00538E9B /* PBXTargetDependency */ = {
			isa = PBXTargetDependency;
			target = 6676328D2107ACCB00538E9B /* newsCycleFont */;
			targetProxy = 667632972107ACCB00538E9B /* PBXContainerItemProxy */;
		};
/* End PBXTargetDependency section */

/* Begin PBXVariantGroup section */
		35D8D53920EFE03E00B5D12C /* Main.storyboard */ = {
			isa = PBXVariantGroup;
			children = (
				35D8D53A20EFE03E00B5D12C /* Base */,
			);
			name = Main.storyboard;
			sourceTree = "<group>";
		};
		35D8D53E20EFE04000B5D12C /* LaunchScreen.storyboard */ = {
			isa = PBXVariantGroup;
			children = (
				35D8D53F20EFE04000B5D12C /* Base */,
			);
			name = LaunchScreen.storyboard;
			sourceTree = "<group>";
		};
		661BAE7B21062579007363CC /* MainInterface.storyboard */ = {
			isa = PBXVariantGroup;
			children = (
				661BAE7C21062579007363CC /* Base */,
			);
			name = MainInterface.storyboard;
			sourceTree = "<group>";
		};
		667632932107ACCB00538E9B /* MainInterface.storyboard */ = {
			isa = PBXVariantGroup;
			children = (
				667632942107ACCB00538E9B /* Base */,
			);
			name = MainInterface.storyboard;
			sourceTree = "<group>";
		};
/* End PBXVariantGroup section */

/* Begin XCBuildConfiguration section */
		35D8D55A20EFE04000B5D12C /* Debug */ = {
			isa = XCBuildConfiguration;
			buildSettings = {
				ALWAYS_SEARCH_USER_PATHS = NO;
				CLANG_ANALYZER_NONNULL = YES;
				CLANG_ANALYZER_NUMBER_OBJECT_CONVERSION = YES_AGGRESSIVE;
				CLANG_CXX_LANGUAGE_STANDARD = "gnu++14";
				CLANG_CXX_LIBRARY = "libc++";
				CLANG_ENABLE_MODULES = YES;
				CLANG_ENABLE_OBJC_ARC = YES;
				CLANG_ENABLE_OBJC_WEAK = YES;
				CLANG_WARN_BLOCK_CAPTURE_AUTORELEASING = YES;
				CLANG_WARN_BOOL_CONVERSION = YES;
				CLANG_WARN_COMMA = YES;
				CLANG_WARN_CONSTANT_CONVERSION = YES;
				CLANG_WARN_DEPRECATED_OBJC_IMPLEMENTATIONS = YES;
				CLANG_WARN_DIRECT_OBJC_ISA_USAGE = YES_ERROR;
				CLANG_WARN_DOCUMENTATION_COMMENTS = YES;
				CLANG_WARN_EMPTY_BODY = YES;
				CLANG_WARN_ENUM_CONVERSION = YES;
				CLANG_WARN_INFINITE_RECURSION = YES;
				CLANG_WARN_INT_CONVERSION = YES;
				CLANG_WARN_NON_LITERAL_NULL_CONVERSION = YES;
				CLANG_WARN_OBJC_IMPLICIT_RETAIN_SELF = YES;
				CLANG_WARN_OBJC_LITERAL_CONVERSION = YES;
				CLANG_WARN_OBJC_ROOT_CLASS = YES_ERROR;
				CLANG_WARN_RANGE_LOOP_ANALYSIS = YES;
				CLANG_WARN_STRICT_PROTOTYPES = YES;
				CLANG_WARN_SUSPICIOUS_MOVE = YES;
				CLANG_WARN_UNGUARDED_AVAILABILITY = YES_AGGRESSIVE;
				CLANG_WARN_UNREACHABLE_CODE = YES;
				CLANG_WARN__DUPLICATE_METHOD_MATCH = YES;
				CODE_SIGN_IDENTITY = "iPhone Developer";

			

				COPY_PHASE_STRIP = NO;
				DEBUG_INFORMATION_FORMAT = dwarf;
				ENABLE_STRICT_OBJC_MSGSEND = YES;
				ENABLE_TESTABILITY = YES;
				GCC_C_LANGUAGE_STANDARD = gnu11;
				GCC_DYNAMIC_NO_PIC = NO;
				GCC_NO_COMMON_BLOCKS = YES;
				GCC_OPTIMIZATION_LEVEL = 0;
				GCC_PREPROCESSOR_DEFINITIONS = (
					"DEBUG=1",
					"$(inherited)",
				);
				GCC_WARN_64_TO_32_BIT_CONVERSION = YES;
				GCC_WARN_ABOUT_RETURN_TYPE = YES_ERROR;
				GCC_WARN_UNDECLARED_SELECTOR = YES;
				GCC_WARN_UNINITIALIZED_AUTOS = YES_AGGRESSIVE;
				GCC_WARN_UNUSED_FUNCTION = YES;
				GCC_WARN_UNUSED_VARIABLE = YES;
				IPHONEOS_DEPLOYMENT_TARGET = 11.4;
				MTL_ENABLE_DEBUG_INFO = YES;
				ONLY_ACTIVE_ARCH = YES;
				SDKROOT = iphoneos;
			};
			name = Debug;
		};
		35D8D55B20EFE04000B5D12C /* Release */ = {
			isa = XCBuildConfiguration;
			buildSettings = {
				ALWAYS_SEARCH_USER_PATHS = NO;
				CLANG_ANALYZER_NONNULL = YES;
				CLANG_ANALYZER_NUMBER_OBJECT_CONVERSION = YES_AGGRESSIVE;
				CLANG_CXX_LANGUAGE_STANDARD = "gnu++14";
				CLANG_CXX_LIBRARY = "libc++";
				CLANG_ENABLE_MODULES = YES;
				CLANG_ENABLE_OBJC_ARC = YES;
				CLANG_ENABLE_OBJC_WEAK = YES;
				CLANG_WARN_BLOCK_CAPTURE_AUTORELEASING = YES;
				CLANG_WARN_BOOL_CONVERSION = YES;
				CLANG_WARN_COMMA = YES;
				CLANG_WARN_CONSTANT_CONVERSION = YES;
				CLANG_WARN_DEPRECATED_OBJC_IMPLEMENTATIONS = YES;
				CLANG_WARN_DIRECT_OBJC_ISA_USAGE = YES_ERROR;
				CLANG_WARN_DOCUMENTATION_COMMENTS = YES;
				CLANG_WARN_EMPTY_BODY = YES;
				CLANG_WARN_ENUM_CONVERSION = YES;
				CLANG_WARN_INFINITE_RECURSION = YES;
				CLANG_WARN_INT_CONVERSION = YES;
				CLANG_WARN_NON_LITERAL_NULL_CONVERSION = YES;
				CLANG_WARN_OBJC_IMPLICIT_RETAIN_SELF = YES;
				CLANG_WARN_OBJC_LITERAL_CONVERSION = YES;
				CLANG_WARN_OBJC_ROOT_CLASS = YES_ERROR;
				CLANG_WARN_RANGE_LOOP_ANALYSIS = YES;
				CLANG_WARN_STRICT_PROTOTYPES = YES;
				CLANG_WARN_SUSPICIOUS_MOVE = YES;
				CLANG_WARN_UNGUARDED_AVAILABILITY = YES_AGGRESSIVE;
				CLANG_WARN_UNREACHABLE_CODE = YES;
				CLANG_WARN__DUPLICATE_METHOD_MATCH = YES;
				CODE_SIGN_IDENTITY = "iPhone Developer";

				COPY_PHASE_STRIP = NO;
				DEBUG_INFORMATION_FORMAT = "dwarf-with-dsym";
				ENABLE_NS_ASSERTIONS = NO;
				ENABLE_STRICT_OBJC_MSGSEND = YES;
				GCC_C_LANGUAGE_STANDARD = gnu11;
				GCC_NO_COMMON_BLOCKS = YES;
				GCC_WARN_64_TO_32_BIT_CONVERSION = YES;
				GCC_WARN_ABOUT_RETURN_TYPE = YES_ERROR;
				GCC_WARN_UNDECLARED_SELECTOR = YES;
				GCC_WARN_UNINITIALIZED_AUTOS = YES_AGGRESSIVE;
				GCC_WARN_UNUSED_FUNCTION = YES;
				GCC_WARN_UNUSED_VARIABLE = YES;
				IPHONEOS_DEPLOYMENT_TARGET = 11.4;
				MTL_ENABLE_DEBUG_INFO = NO;
				SDKROOT = iphoneos;
				VALIDATE_PRODUCT = YES;
			};
			name = Release;
		};
		35D8D55D20EFE04000B5D12C /* Debug */ = {
			isa = XCBuildConfiguration;
			baseConfigurationReference = 5E94ED86BAEE91CC6196636C /* Pods-socialImpactApp.debug.xcconfig */;
			buildSettings = {
				ASSETCATALOG_COMPILER_APPICON_NAME = AppIcon;
				CODE_SIGN_IDENTITY = "iPhone Developer";
				CODE_SIGN_STYLE = Automatic;
				DEVELOPMENT_TEAM = 4XN5UHT2CN;

				INFOPLIST_FILE = socialImpactApp/Info.plist;
				LD_RUNPATH_SEARCH_PATHS = (
					"$(inherited)",
					"@executable_path/Frameworks",
				);
				PRODUCT_BUNDLE_IDENTIFIER = com.roeshaAndezra.socialImpactApp;


				PRODUCT_NAME = "$(TARGET_NAME)";
				PROVISIONING_PROFILE_SPECIFIER = "";
				TARGETED_DEVICE_FAMILY = "1,2";
			};
			name = Debug;
		};
		35D8D55E20EFE04000B5D12C /* Release */ = {
			isa = XCBuildConfiguration;
			baseConfigurationReference = 63271D50F8E957B54EE730BF /* Pods-socialImpactApp.release.xcconfig */;
			buildSettings = {
				ASSETCATALOG_COMPILER_APPICON_NAME = AppIcon;
				CODE_SIGN_IDENTITY = "iPhone Developer";
				CODE_SIGN_STYLE = Automatic;
				DEVELOPMENT_TEAM = 4XN5UHT2CN;

				INFOPLIST_FILE = socialImpactApp/Info.plist;
				LD_RUNPATH_SEARCH_PATHS = (
					"$(inherited)",
					"@executable_path/Frameworks",
				);
				MTL_ENABLE_DEBUG_INFO = YES;
				PRODUCT_BUNDLE_IDENTIFIER = com.roeshaAndezra.socialImpactApp;

				PRODUCT_NAME = "$(TARGET_NAME)";
				PROVISIONING_PROFILE_SPECIFIER = "";
				TARGETED_DEVICE_FAMILY = "1,2";
			};
			name = Release;
		};
		35D8D56020EFE04000B5D12C /* Debug */ = {
			isa = XCBuildConfiguration;
			baseConfigurationReference = 71027CDC2FDD0873B9C15059 /* Pods-socialImpactAppTests.debug.xcconfig */;
			buildSettings = {
				BUNDLE_LOADER = "$(TEST_HOST)";
				CODE_SIGN_IDENTITY = "iPhone Developer";
				CODE_SIGN_STYLE = Automatic;
				DEVELOPMENT_TEAM = 4XN5UHT2CN;
				INFOPLIST_FILE = socialImpactAppTests/Info.plist;
				LD_RUNPATH_SEARCH_PATHS = (
					"$(inherited)",
					"@executable_path/Frameworks",
					"@loader_path/Frameworks",
				);
				PRODUCT_BUNDLE_IDENTIFIER = com.roeshaxxezra.socialImpactAppTests;
				PRODUCT_NAME = "$(TARGET_NAME)";
				PROVISIONING_PROFILE_SPECIFIER = "";
				TARGETED_DEVICE_FAMILY = "1,2";
				TEST_HOST = "$(BUILT_PRODUCTS_DIR)/socialImpactApp.app/socialImpactApp";
			};
			name = Debug;
		};
		35D8D56120EFE04000B5D12C /* Release */ = {
			isa = XCBuildConfiguration;
			baseConfigurationReference = 0920CAF78102BC2876E695E8 /* Pods-socialImpactAppTests.release.xcconfig */;
			buildSettings = {
				BUNDLE_LOADER = "$(TEST_HOST)";
				CODE_SIGN_IDENTITY = "iPhone Developer";
				CODE_SIGN_STYLE = Automatic;
				DEVELOPMENT_TEAM = 4XN5UHT2CN;
				INFOPLIST_FILE = socialImpactAppTests/Info.plist;
				LD_RUNPATH_SEARCH_PATHS = (
					"$(inherited)",
					"@executable_path/Frameworks",
					"@loader_path/Frameworks",
				);
				PRODUCT_BUNDLE_IDENTIFIER = com.roeshaezra.socialImpactAppTests;
				PRODUCT_NAME = "$(TARGET_NAME)";
				PROVISIONING_PROFILE_SPECIFIER = "";
				TARGETED_DEVICE_FAMILY = "1,2";
				TEST_HOST = "$(BUILT_PRODUCTS_DIR)/socialImpactApp.app/socialImpactApp";
			};
			name = Release;
		};
		35D8D56320EFE04000B5D12C /* Debug */ = {
			isa = XCBuildConfiguration;
			baseConfigurationReference = 9E3B0A2E856F5A84C19262B7 /* Pods-socialImpactAppUITests.debug.xcconfig */;
			buildSettings = {
				CODE_SIGN_IDENTITY = "iPhone Developer";
				CODE_SIGN_STYLE = Automatic;
				DEVELOPMENT_TEAM = 4XN5UHT2CN;
				INFOPLIST_FILE = socialImpactAppUITests/Info.plist;
				LD_RUNPATH_SEARCH_PATHS = (
					"$(inherited)",
					"@executable_path/Frameworks",
					"@loader_path/Frameworks",
				);
				PRODUCT_BUNDLE_IDENTIFIER = com.roeshaezra.socialImpactAppUITests;
				PRODUCT_NAME = "$(TARGET_NAME)";
				PROVISIONING_PROFILE_SPECIFIER = "";
				TARGETED_DEVICE_FAMILY = "1,2";
				TEST_TARGET_NAME = socialImpactApp;
			};
			name = Debug;
		};
		35D8D56420EFE04000B5D12C /* Release */ = {
			isa = XCBuildConfiguration;
			baseConfigurationReference = E19E763DFD24563E71E7D3E8 /* Pods-socialImpactAppUITests.release.xcconfig */;
			buildSettings = {
				CODE_SIGN_IDENTITY = "iPhone Developer)";
				CODE_SIGN_STYLE = Automatic;
				DEVELOPMENT_TEAM = 4XN5UHT2CN;
				INFOPLIST_FILE = socialImpactAppUITests/Info.plist;
				LD_RUNPATH_SEARCH_PATHS = (
					"$(inherited)",
					"@executable_path/Frameworks",
					"@loader_path/Frameworks",
				);
				PRODUCT_BUNDLE_IDENTIFIER = com.roeshaezra.socialImpactAppUITests;
				PRODUCT_NAME = "$(TARGET_NAME)";
				PROVISIONING_PROFILE_SPECIFIER = "";
				TARGETED_DEVICE_FAMILY = "1,2";
				TEST_TARGET_NAME = socialImpactApp;
			};
			name = Release;
		};
		661BAE8321062579007363CC /* Debug */ = {
			isa = XCBuildConfiguration;
			buildSettings = {
				CODE_SIGN_IDENTITY = "iPhone Developer";
				CODE_SIGN_STYLE = Automatic;
				DEVELOPMENT_TEAM = 4XN5UHT2CN;
				INFOPLIST_FILE = SavedViewController/Info.plist;
				LD_RUNPATH_SEARCH_PATHS = (
					"$(inherited)",
					"@executable_path/Frameworks",
					"@executable_path/../../Frameworks",
				);
				PRODUCT_BUNDLE_IDENTIFIER = com.roeshaxezra.socialImpactApp.SavedViewController;
				PRODUCT_NAME = "$(TARGET_NAME)";
				SKIP_INSTALL = YES;
				TARGETED_DEVICE_FAMILY = "1,2";
			};
			name = Debug;
		};
		661BAE8421062579007363CC /* Release */ = {
			isa = XCBuildConfiguration;
			buildSettings = {
				CODE_SIGN_IDENTITY = "iPhone Developer";
				CODE_SIGN_STYLE = Automatic;
				DEVELOPMENT_TEAM = 4XN5UHT2CN;
				INFOPLIST_FILE = SavedViewController/Info.plist;
				LD_RUNPATH_SEARCH_PATHS = (
					"$(inherited)",
					"@executable_path/Frameworks",
					"@executable_path/../../Frameworks",
				);
				PRODUCT_BUNDLE_IDENTIFIER = com.roeshaxezra.socialImpactApp.SavedViewController;
				PRODUCT_NAME = "$(TARGET_NAME)";
				SKIP_INSTALL = YES;
				TARGETED_DEVICE_FAMILY = "1,2";
			};
			name = Release;
		};
		6676329B2107ACCB00538E9B /* Debug */ = {
			isa = XCBuildConfiguration;
			buildSettings = {
				CODE_SIGN_IDENTITY = "iPhone Developer";
				CODE_SIGN_STYLE = Automatic;
				DEVELOPMENT_TEAM = 4XN5UHT2CN;
				INFOPLIST_FILE = newsCycleFont/Info.plist;
				LD_RUNPATH_SEARCH_PATHS = (
					"$(inherited)",
					"@executable_path/Frameworks",
					"@executable_path/../../Frameworks",
				);
				PRODUCT_BUNDLE_IDENTIFIER = com.roeshaxezra.socialImpactApp.newsCycleFont;
				PRODUCT_NAME = "$(TARGET_NAME)";
				SKIP_INSTALL = YES;
				TARGETED_DEVICE_FAMILY = "1,2";
			};
			name = Debug;
		};
		6676329C2107ACCB00538E9B /* Release */ = {
			isa = XCBuildConfiguration;
			buildSettings = {
				CODE_SIGN_IDENTITY = "iPhone Developer";
				CODE_SIGN_STYLE = Automatic;
				DEVELOPMENT_TEAM = 4XN5UHT2CN;
				INFOPLIST_FILE = newsCycleFont/Info.plist;
				LD_RUNPATH_SEARCH_PATHS = (
					"$(inherited)",
					"@executable_path/Frameworks",
					"@executable_path/../../Frameworks",
				);
				PRODUCT_BUNDLE_IDENTIFIER = com.roeshaxezra.socialImpactApp.newsCycleFont;
				PRODUCT_NAME = "$(TARGET_NAME)";
				SKIP_INSTALL = YES;
				TARGETED_DEVICE_FAMILY = "1,2";
			};
			name = Release;
		};
/* End XCBuildConfiguration section */

/* Begin XCConfigurationList section */
		35D8D52B20EFE03E00B5D12C /* Build configuration list for PBXProject "socialImpactApp" */ = {
			isa = XCConfigurationList;
			buildConfigurations = (
				35D8D55A20EFE04000B5D12C /* Debug */,
				35D8D55B20EFE04000B5D12C /* Release */,
			);
			defaultConfigurationIsVisible = 0;
			defaultConfigurationName = Release;
		};
		35D8D55C20EFE04000B5D12C /* Build configuration list for PBXNativeTarget "socialImpactApp" */ = {
			isa = XCConfigurationList;
			buildConfigurations = (
				35D8D55D20EFE04000B5D12C /* Debug */,
				35D8D55E20EFE04000B5D12C /* Release */,
			);
			defaultConfigurationIsVisible = 0;
			defaultConfigurationName = Release;
		};
		35D8D55F20EFE04000B5D12C /* Build configuration list for PBXNativeTarget "socialImpactAppTests" */ = {
			isa = XCConfigurationList;
			buildConfigurations = (
				35D8D56020EFE04000B5D12C /* Debug */,
				35D8D56120EFE04000B5D12C /* Release */,
			);
			defaultConfigurationIsVisible = 0;
			defaultConfigurationName = Release;
		};
		35D8D56220EFE04000B5D12C /* Build configuration list for PBXNativeTarget "socialImpactAppUITests" */ = {
			isa = XCConfigurationList;
			buildConfigurations = (
				35D8D56320EFE04000B5D12C /* Debug */,
				35D8D56420EFE04000B5D12C /* Release */,
			);
			defaultConfigurationIsVisible = 0;
			defaultConfigurationName = Release;
		};
		661BAE8221062579007363CC /* Build configuration list for PBXNativeTarget "SavedViewController" */ = {
			isa = XCConfigurationList;
			buildConfigurations = (
				661BAE8321062579007363CC /* Debug */,
				661BAE8421062579007363CC /* Release */,
			);
			defaultConfigurationIsVisible = 0;
			defaultConfigurationName = Release;
		};
		6676329A2107ACCB00538E9B /* Build configuration list for PBXNativeTarget "newsCycleFont" */ = {
			isa = XCConfigurationList;
			buildConfigurations = (
				6676329B2107ACCB00538E9B /* Debug */,
				6676329C2107ACCB00538E9B /* Release */,
			);
			defaultConfigurationIsVisible = 0;
			defaultConfigurationName = Release;
		};
/* End XCConfigurationList section */
	};
	rootObject = 35D8D52820EFE03E00B5D12C /* Project object */;
}
