// !$*UTF8*$!
{
	archiveVersion = 1;
	classes = {
	};
	objectVersion = 50;
	objects = {

/* Begin PBXBuildFile section */
		355718C320FC534D00D735EA /* LoginViewController.m in Sources */ = {isa = PBXBuildFile; fileRef = 355718C220FC534D00D735EA /* LoginViewController.m */; };
		355718C620FC53AD00D735EA /* MenuViewController.m in Sources */ = {isa = PBXBuildFile; fileRef = 355718C520FC53AD00D735EA /* MenuViewController.m */; };
		355718C920FC53E600D735EA /* DetailViewController.m in Sources */ = {isa = PBXBuildFile; fileRef = 355718C820FC53E600D735EA /* DetailViewController.m */; };
		35D8D53520EFE03E00B5D12C /* AppDelegate.m in Sources */ = {isa = PBXBuildFile; fileRef = 35D8D53420EFE03E00B5D12C /* AppDelegate.m */; };
		35D8D53820EFE03E00B5D12C /* ViewController.m in Sources */ = {isa = PBXBuildFile; fileRef = 35D8D53720EFE03E00B5D12C /* ViewController.m */; };
		35D8D53B20EFE03E00B5D12C /* Main.storyboard in Resources */ = {isa = PBXBuildFile; fileRef = 35D8D53920EFE03E00B5D12C /* Main.storyboard */; };
		35D8D53D20EFE04000B5D12C /* Assets.xcassets in Resources */ = {isa = PBXBuildFile; fileRef = 35D8D53C20EFE04000B5D12C /* Assets.xcassets */; };
		35D8D54020EFE04000B5D12C /* LaunchScreen.storyboard in Resources */ = {isa = PBXBuildFile; fileRef = 35D8D53E20EFE04000B5D12C /* LaunchScreen.storyboard */; };
		35D8D54320EFE04000B5D12C /* main.m in Sources */ = {isa = PBXBuildFile; fileRef = 35D8D54220EFE04000B5D12C /* main.m */; };
		35D8D54D20EFE04000B5D12C /* socialImpactAppTests.m in Sources */ = {isa = PBXBuildFile; fileRef = 35D8D54C20EFE04000B5D12C /* socialImpactAppTests.m */; };
		35D8D55820EFE04000B5D12C /* socialImpactAppUITests.m in Sources */ = {isa = PBXBuildFile; fileRef = 35D8D55720EFE04000B5D12C /* socialImpactAppUITests.m */; };
		5B1444AB48682B8CE8FF09EB /* libPods-socialImpactAppTests.a in Frameworks */ = {isa = PBXBuildFile; fileRef = 3A7CFC36BDA8444CC48C09DF /* libPods-socialImpactAppTests.a */; };
		8D98BA51A5C25F5F52137B14 /* libPods-socialImpactAppUITests.a in Frameworks */ = {isa = PBXBuildFile; fileRef = B4E6906D0F91A34D9C35099F /* libPods-socialImpactAppUITests.a */; };
		D62FBE6A535A7E5015BDD56E /* libPods-socialImpactApp.a in Frameworks */ = {isa = PBXBuildFile; fileRef = 2B3CE5930062788E84F309C0 /* libPods-socialImpactApp.a */; };
/* End PBXBuildFile section */

/* Begin PBXContainerItemProxy section */
		35D8D54920EFE04000B5D12C /* PBXContainerItemProxy */ = {
			isa = PBXContainerItemProxy;
			containerPortal = 35D8D52820EFE03E00B5D12C /* Project object */;
			proxyType = 1;
			remoteGlobalIDString = 35D8D52F20EFE03E00B5D12C;
			remoteInfo = socialImpactApp;
		};
		35D8D55420EFE04000B5D12C /* PBXContainerItemProxy */ = {
			isa = PBXContainerItemProxy;
			containerPortal = 35D8D52820EFE03E00B5D12C /* Project object */;
			proxyType = 1;
			remoteGlobalIDString = 35D8D52F20EFE03E00B5D12C;
			remoteInfo = socialImpactApp;
		};
/* End PBXContainerItemProxy section */

/* Begin PBXFileReference section */
		185E9EEC67E8C3501C34EDA2 /* Pods-socialImpactAppUITests.release.xcconfig */ = {isa = PBXFileReference; includeInIndex = 1; lastKnownFileType = text.xcconfig; name = "Pods-socialImpactAppUITests.release.xcconfig"; path = "Pods/Target Support Files/Pods-socialImpactAppUITests/Pods-socialImpactAppUITests.release.xcconfig"; sourceTree = "<group>"; };
		18EC0F9A8F6A4634744C3391 /* Pods-socialImpactApp.debug.xcconfig */ = {isa = PBXFileReference; includeInIndex = 1; lastKnownFileType = text.xcconfig; name = "Pods-socialImpactApp.debug.xcconfig"; path = "Pods/Target Support Files/Pods-socialImpactApp/Pods-socialImpactApp.debug.xcconfig"; sourceTree = "<group>"; };
		2B3CE5930062788E84F309C0 /* libPods-socialImpactApp.a */ = {isa = PBXFileReference; explicitFileType = archive.ar; includeInIndex = 0; path = "libPods-socialImpactApp.a"; sourceTree = BUILT_PRODUCTS_DIR; };
		355718C120FC534D00D735EA /* LoginViewController.h */ = {isa = PBXFileReference; lastKnownFileType = sourcecode.c.h; path = LoginViewController.h; sourceTree = "<group>"; };
		355718C220FC534D00D735EA /* LoginViewController.m */ = {isa = PBXFileReference; lastKnownFileType = sourcecode.c.objc; path = LoginViewController.m; sourceTree = "<group>"; };
		355718C420FC53AD00D735EA /* MenuViewController.h */ = {isa = PBXFileReference; lastKnownFileType = sourcecode.c.h; path = MenuViewController.h; sourceTree = "<group>"; };
		355718C520FC53AD00D735EA /* MenuViewController.m */ = {isa = PBXFileReference; lastKnownFileType = sourcecode.c.objc; path = MenuViewController.m; sourceTree = "<group>"; };
		355718C720FC53E600D735EA /* DetailViewController.h */ = {isa = PBXFileReference; lastKnownFileType = sourcecode.c.h; path = DetailViewController.h; sourceTree = "<group>"; };
		355718C820FC53E600D735EA /* DetailViewController.m */ = {isa = PBXFileReference; lastKnownFileType = sourcecode.c.objc; path = DetailViewController.m; sourceTree = "<group>"; };
		35D8D53020EFE03E00B5D12C /* socialImpactApp.app */ = {isa = PBXFileReference; explicitFileType = wrapper.application; includeInIndex = 0; path = socialImpactApp.app; sourceTree = BUILT_PRODUCTS_DIR; };
		35D8D53320EFE03E00B5D12C /* AppDelegate.h */ = {isa = PBXFileReference; lastKnownFileType = sourcecode.c.h; path = AppDelegate.h; sourceTree = "<group>"; };
		35D8D53420EFE03E00B5D12C /* AppDelegate.m */ = {isa = PBXFileReference; lastKnownFileType = sourcecode.c.objc; path = AppDelegate.m; sourceTree = "<group>"; };
		35D8D53620EFE03E00B5D12C /* ViewController.h */ = {isa = PBXFileReference; lastKnownFileType = sourcecode.c.h; path = ViewController.h; sourceTree = "<group>"; };
		35D8D53720EFE03E00B5D12C /* ViewController.m */ = {isa = PBXFileReference; lastKnownFileType = sourcecode.c.objc; path = ViewController.m; sourceTree = "<group>"; };
		35D8D53A20EFE03E00B5D12C /* Base */ = {isa = PBXFileReference; lastKnownFileType = file.storyboard; name = Base; path = Base.lproj/Main.storyboard; sourceTree = "<group>"; };
		35D8D53C20EFE04000B5D12C /* Assets.xcassets */ = {isa = PBXFileReference; lastKnownFileType = folder.assetcatalog; path = Assets.xcassets; sourceTree = "<group>"; };
		35D8D53F20EFE04000B5D12C /* Base */ = {isa = PBXFileReference; lastKnownFileType = file.storyboard; name = Base; path = Base.lproj/LaunchScreen.storyboard; sourceTree = "<group>"; };
		35D8D54120EFE04000B5D12C /* Info.plist */ = {isa = PBXFileReference; lastKnownFileType = text.plist.xml; path = Info.plist; sourceTree = "<group>"; };
		35D8D54220EFE04000B5D12C /* main.m */ = {isa = PBXFileReference; lastKnownFileType = sourcecode.c.objc; path = main.m; sourceTree = "<group>"; };
		35D8D54820EFE04000B5D12C /* socialImpactAppTests.xctest */ = {isa = PBXFileReference; explicitFileType = wrapper.cfbundle; includeInIndex = 0; path = socialImpactAppTests.xctest; sourceTree = BUILT_PRODUCTS_DIR; };
		35D8D54C20EFE04000B5D12C /* socialImpactAppTests.m */ = {isa = PBXFileReference; lastKnownFileType = sourcecode.c.objc; path = socialImpactAppTests.m; sourceTree = "<group>"; };
		35D8D54E20EFE04000B5D12C /* Info.plist */ = {isa = PBXFileReference; lastKnownFileType = text.plist.xml; path = Info.plist; sourceTree = "<group>"; };
		35D8D55320EFE04000B5D12C /* socialImpactAppUITests.xctest */ = {isa = PBXFileReference; explicitFileType = wrapper.cfbundle; includeInIndex = 0; path = socialImpactAppUITests.xctest; sourceTree = BUILT_PRODUCTS_DIR; };
		35D8D55720EFE04000B5D12C /* socialImpactAppUITests.m */ = {isa = PBXFileReference; lastKnownFileType = sourcecode.c.objc; path = socialImpactAppUITests.m; sourceTree = "<group>"; };
		35D8D55920EFE04000B5D12C /* Info.plist */ = {isa = PBXFileReference; lastKnownFileType = text.plist.xml; path = Info.plist; sourceTree = "<group>"; };
		3A7CFC36BDA8444CC48C09DF /* libPods-socialImpactAppTests.a */ = {isa = PBXFileReference; explicitFileType = archive.ar; includeInIndex = 0; path = "libPods-socialImpactAppTests.a"; sourceTree = BUILT_PRODUCTS_DIR; };
		52AA3E0627E8059878335CBD /* Pods-socialImpactAppTests.release.xcconfig */ = {isa = PBXFileReference; includeInIndex = 1; lastKnownFileType = text.xcconfig; name = "Pods-socialImpactAppTests.release.xcconfig"; path = "Pods/Target Support Files/Pods-socialImpactAppTests/Pods-socialImpactAppTests.release.xcconfig"; sourceTree = "<group>"; };
		627C13C19E851C6FF4823B51 /* Pods-socialImpactAppTests.debug.xcconfig */ = {isa = PBXFileReference; includeInIndex = 1; lastKnownFileType = text.xcconfig; name = "Pods-socialImpactAppTests.debug.xcconfig"; path = "Pods/Target Support Files/Pods-socialImpactAppTests/Pods-socialImpactAppTests.debug.xcconfig"; sourceTree = "<group>"; };
		8763DFB0D9C85C45475B8919 /* Pods-socialImpactAppUITests.debug.xcconfig */ = {isa = PBXFileReference; includeInIndex = 1; lastKnownFileType = text.xcconfig; name = "Pods-socialImpactAppUITests.debug.xcconfig"; path = "Pods/Target Support Files/Pods-socialImpactAppUITests/Pods-socialImpactAppUITests.debug.xcconfig"; sourceTree = "<group>"; };
		B4E6906D0F91A34D9C35099F /* libPods-socialImpactAppUITests.a */ = {isa = PBXFileReference; explicitFileType = archive.ar; includeInIndex = 0; path = "libPods-socialImpactAppUITests.a"; sourceTree = BUILT_PRODUCTS_DIR; };
		D0350F69757636A886E19154 /* Pods-socialImpactApp.release.xcconfig */ = {isa = PBXFileReference; includeInIndex = 1; lastKnownFileType = text.xcconfig; name = "Pods-socialImpactApp.release.xcconfig"; path = "Pods/Target Support Files/Pods-socialImpactApp/Pods-socialImpactApp.release.xcconfig"; sourceTree = "<group>"; };
/* End PBXFileReference section */

/* Begin PBXFrameworksBuildPhase section */
		35D8D52D20EFE03E00B5D12C /* Frameworks */ = {
			isa = PBXFrameworksBuildPhase;
			buildActionMask = 2147483647;
			files = (
				D62FBE6A535A7E5015BDD56E /* libPods-socialImpactApp.a in Frameworks */,
			);
			runOnlyForDeploymentPostprocessing = 0;
		};
		35D8D54520EFE04000B5D12C /* Frameworks */ = {
			isa = PBXFrameworksBuildPhase;
			buildActionMask = 2147483647;
			files = (
				5B1444AB48682B8CE8FF09EB /* libPods-socialImpactAppTests.a in Frameworks */,
			);
			runOnlyForDeploymentPostprocessing = 0;
		};
		35D8D55020EFE04000B5D12C /* Frameworks */ = {
			isa = PBXFrameworksBuildPhase;
			buildActionMask = 2147483647;
			files = (
				8D98BA51A5C25F5F52137B14 /* libPods-socialImpactAppUITests.a in Frameworks */,
			);
			runOnlyForDeploymentPostprocessing = 0;
		};
/* End PBXFrameworksBuildPhase section */

/* Begin PBXGroup section */
		355718C020FC533B00D735EA /* ViewControllers */ = {
			isa = PBXGroup;
			children = (
				355718C120FC534D00D735EA /* LoginViewController.h */,
				355718C220FC534D00D735EA /* LoginViewController.m */,
				355718C420FC53AD00D735EA /* MenuViewController.h */,
				355718C520FC53AD00D735EA /* MenuViewController.m */,
				355718C720FC53E600D735EA /* DetailViewController.h */,
				355718C820FC53E600D735EA /* DetailViewController.m */,
			);
			path = ViewControllers;
			sourceTree = "<group>";
		};
		35D8D52720EFE03E00B5D12C = {
			isa = PBXGroup;
			children = (
				35D8D53220EFE03E00B5D12C /* socialImpactApp */,
				35D8D54B20EFE04000B5D12C /* socialImpactAppTests */,
				35D8D55620EFE04000B5D12C /* socialImpactAppUITests */,
				35D8D53120EFE03E00B5D12C /* Products */,
				5CF60727469C75372D2AB0E3 /* Pods */,
				AFA1E4A418ACE7F7B2437179 /* Frameworks */,
			);
			sourceTree = "<group>";
		};
		35D8D53120EFE03E00B5D12C /* Products */ = {
			isa = PBXGroup;
			children = (
				35D8D53020EFE03E00B5D12C /* socialImpactApp.app */,
				35D8D54820EFE04000B5D12C /* socialImpactAppTests.xctest */,
				35D8D55320EFE04000B5D12C /* socialImpactAppUITests.xctest */,
			);
			name = Products;
			sourceTree = "<group>";
		};
		35D8D53220EFE03E00B5D12C /* socialImpactApp */ = {
			isa = PBXGroup;
			children = (
				355718C020FC533B00D735EA /* ViewControllers */,
				35D8D53320EFE03E00B5D12C /* AppDelegate.h */,
				35D8D53420EFE03E00B5D12C /* AppDelegate.m */,
				35D8D53620EFE03E00B5D12C /* ViewController.h */,
				35D8D53720EFE03E00B5D12C /* ViewController.m */,
				35D8D53920EFE03E00B5D12C /* Main.storyboard */,
				35D8D53C20EFE04000B5D12C /* Assets.xcassets */,
				35D8D53E20EFE04000B5D12C /* LaunchScreen.storyboard */,
				35D8D54120EFE04000B5D12C /* Info.plist */,
				35D8D54220EFE04000B5D12C /* main.m */,
			);
			path = socialImpactApp;
			sourceTree = "<group>";
		};
		35D8D54B20EFE04000B5D12C /* socialImpactAppTests */ = {
			isa = PBXGroup;
			children = (
				35D8D54C20EFE04000B5D12C /* socialImpactAppTests.m */,
				35D8D54E20EFE04000B5D12C /* Info.plist */,
			);
			path = socialImpactAppTests;
			sourceTree = "<group>";
		};
		35D8D55620EFE04000B5D12C /* socialImpactAppUITests */ = {
			isa = PBXGroup;
			children = (
				35D8D55720EFE04000B5D12C /* socialImpactAppUITests.m */,
				35D8D55920EFE04000B5D12C /* Info.plist */,
			);
			path = socialImpactAppUITests;
			sourceTree = "<group>";
		};
		5CF60727469C75372D2AB0E3 /* Pods */ = {
			isa = PBXGroup;
			children = (
				18EC0F9A8F6A4634744C3391 /* Pods-socialImpactApp.debug.xcconfig */,
				D0350F69757636A886E19154 /* Pods-socialImpactApp.release.xcconfig */,
				627C13C19E851C6FF4823B51 /* Pods-socialImpactAppTests.debug.xcconfig */,
				52AA3E0627E8059878335CBD /* Pods-socialImpactAppTests.release.xcconfig */,
				8763DFB0D9C85C45475B8919 /* Pods-socialImpactAppUITests.debug.xcconfig */,
				185E9EEC67E8C3501C34EDA2 /* Pods-socialImpactAppUITests.release.xcconfig */,
			);
			name = Pods;
			sourceTree = "<group>";
		};
		AFA1E4A418ACE7F7B2437179 /* Frameworks */ = {
			isa = PBXGroup;
			children = (
				2B3CE5930062788E84F309C0 /* libPods-socialImpactApp.a */,
				3A7CFC36BDA8444CC48C09DF /* libPods-socialImpactAppTests.a */,
				B4E6906D0F91A34D9C35099F /* libPods-socialImpactAppUITests.a */,
			);
			name = Frameworks;
			sourceTree = "<group>";
		};
/* End PBXGroup section */

/* Begin PBXNativeTarget section */
		35D8D52F20EFE03E00B5D12C /* socialImpactApp */ = {
			isa = PBXNativeTarget;
			buildConfigurationList = 35D8D55C20EFE04000B5D12C /* Build configuration list for PBXNativeTarget "socialImpactApp" */;
			buildPhases = (
				DA40BF81220123EA1D60535A /* [CP] Check Pods Manifest.lock */,
				35D8D52C20EFE03E00B5D12C /* Sources */,
				35D8D52D20EFE03E00B5D12C /* Frameworks */,
				35D8D52E20EFE03E00B5D12C /* Resources */,
				D27709805489E18D87751E5E /* [CP] Copy Pods Resources */,
			);
			buildRules = (
			);
			dependencies = (
			);
			name = socialImpactApp;
			productName = socialImpactApp;
			productReference = 35D8D53020EFE03E00B5D12C /* socialImpactApp.app */;
			productType = "com.apple.product-type.application";
		};
		35D8D54720EFE04000B5D12C /* socialImpactAppTests */ = {
			isa = PBXNativeTarget;
			buildConfigurationList = 35D8D55F20EFE04000B5D12C /* Build configuration list for PBXNativeTarget "socialImpactAppTests" */;
			buildPhases = (
				FC5B6D446E927255ABF62147 /* [CP] Check Pods Manifest.lock */,
				35D8D54420EFE04000B5D12C /* Sources */,
				35D8D54520EFE04000B5D12C /* Frameworks */,
				35D8D54620EFE04000B5D12C /* Resources */,
			);
			buildRules = (
			);
			dependencies = (
				35D8D54A20EFE04000B5D12C /* PBXTargetDependency */,
			);
			name = socialImpactAppTests;
			productName = socialImpactAppTests;
			productReference = 35D8D54820EFE04000B5D12C /* socialImpactAppTests.xctest */;
			productType = "com.apple.product-type.bundle.unit-test";
		};
		35D8D55220EFE04000B5D12C /* socialImpactAppUITests */ = {
			isa = PBXNativeTarget;
			buildConfigurationList = 35D8D56220EFE04000B5D12C /* Build configuration list for PBXNativeTarget "socialImpactAppUITests" */;
			buildPhases = (
				08D79A329C61A5A5FA907A09 /* [CP] Check Pods Manifest.lock */,
				35D8D54F20EFE04000B5D12C /* Sources */,
				35D8D55020EFE04000B5D12C /* Frameworks */,
				35D8D55120EFE04000B5D12C /* Resources */,
			);
			buildRules = (
			);
			dependencies = (
				35D8D55520EFE04000B5D12C /* PBXTargetDependency */,
			);
			name = socialImpactAppUITests;
			productName = socialImpactAppUITests;
			productReference = 35D8D55320EFE04000B5D12C /* socialImpactAppUITests.xctest */;
			productType = "com.apple.product-type.bundle.ui-testing";
		};
/* End PBXNativeTarget section */

/* Begin PBXProject section */
		35D8D52820EFE03E00B5D12C /* Project object */ = {
			isa = PBXProject;
			attributes = {
				LastUpgradeCheck = 0940;
				ORGANIZATIONNAME = teamMorgan;
				TargetAttributes = {
					35D8D52F20EFE03E00B5D12C = {
						CreatedOnToolsVersion = 9.4.1;
					};
					35D8D54720EFE04000B5D12C = {
						CreatedOnToolsVersion = 9.4.1;
						TestTargetID = 35D8D52F20EFE03E00B5D12C;
					};
					35D8D55220EFE04000B5D12C = {
						CreatedOnToolsVersion = 9.4.1;
						TestTargetID = 35D8D52F20EFE03E00B5D12C;
					};
				};
			};
			buildConfigurationList = 35D8D52B20EFE03E00B5D12C /* Build configuration list for PBXProject "socialImpactApp" */;
			compatibilityVersion = "Xcode 9.3";
			developmentRegion = en;
			hasScannedForEncodings = 0;
			knownRegions = (
				en,
				Base,
			);
			mainGroup = 35D8D52720EFE03E00B5D12C;
			productRefGroup = 35D8D53120EFE03E00B5D12C /* Products */;
			projectDirPath = "";
			projectRoot = "";
			targets = (
				35D8D52F20EFE03E00B5D12C /* socialImpactApp */,
				35D8D54720EFE04000B5D12C /* socialImpactAppTests */,
				35D8D55220EFE04000B5D12C /* socialImpactAppUITests */,
			);
		};
/* End PBXProject section */

/* Begin PBXResourcesBuildPhase section */
		35D8D52E20EFE03E00B5D12C /* Resources */ = {
			isa = PBXResourcesBuildPhase;
			buildActionMask = 2147483647;
			files = (
				35D8D54020EFE04000B5D12C /* LaunchScreen.storyboard in Resources */,
				35D8D53D20EFE04000B5D12C /* Assets.xcassets in Resources */,
				35D8D53B20EFE03E00B5D12C /* Main.storyboard in Resources */,
			);
			runOnlyForDeploymentPostprocessing = 0;
		};
		35D8D54620EFE04000B5D12C /* Resources */ = {
			isa = PBXResourcesBuildPhase;
			buildActionMask = 2147483647;
			files = (
			);
			runOnlyForDeploymentPostprocessing = 0;
		};
		35D8D55120EFE04000B5D12C /* Resources */ = {
			isa = PBXResourcesBuildPhase;
			buildActionMask = 2147483647;
			files = (
			);
			runOnlyForDeploymentPostprocessing = 0;
		};
/* End PBXResourcesBuildPhase section */

/* Begin PBXShellScriptBuildPhase section */
		08D79A329C61A5A5FA907A09 /* [CP] Check Pods Manifest.lock */ = {
			isa = PBXShellScriptBuildPhase;
			buildActionMask = 2147483647;
			files = (
			);
			inputPaths = (
				"${PODS_PODFILE_DIR_PATH}/Podfile.lock",
				"${PODS_ROOT}/Manifest.lock",
			);
			name = "[CP] Check Pods Manifest.lock";
			outputPaths = (
				"$(DERIVED_FILE_DIR)/Pods-socialImpactAppUITests-checkManifestLockResult.txt",
			);
			runOnlyForDeploymentPostprocessing = 0;
			shellPath = /bin/sh;
			shellScript = "diff \"${PODS_PODFILE_DIR_PATH}/Podfile.lock\" \"${PODS_ROOT}/Manifest.lock\" > /dev/null\nif [ $? != 0 ] ; then\n    # print error to STDERR\n    echo \"error: The sandbox is not in sync with the Podfile.lock. Run 'pod install' or update your CocoaPods installation.\" >&2\n    exit 1\nfi\n# This output is used by Xcode 'outputs' to avoid re-running this script phase.\necho \"SUCCESS\" > \"${SCRIPT_OUTPUT_FILE_0}\"\n";
			showEnvVarsInLog = 0;
		};
		D27709805489E18D87751E5E /* [CP] Copy Pods Resources */ = {
			isa = PBXShellScriptBuildPhase;
			buildActionMask = 2147483647;
			files = (
			);
			inputPaths = (
				"${SRCROOT}/Pods/Target Support Files/Pods-socialImpactApp/Pods-socialImpactApp-resources.sh",
				"${PODS_CONFIGURATION_BUILD_DIR}/Parse/Parse.bundle",
			);
			name = "[CP] Copy Pods Resources";
			outputPaths = (
				"${TARGET_BUILD_DIR}/${UNLOCALIZED_RESOURCES_FOLDER_PATH}/Parse.bundle",
			);
			runOnlyForDeploymentPostprocessing = 0;
			shellPath = /bin/sh;
			shellScript = "\"${SRCROOT}/Pods/Target Support Files/Pods-socialImpactApp/Pods-socialImpactApp-resources.sh\"\n";
			showEnvVarsInLog = 0;
		};
		DA40BF81220123EA1D60535A /* [CP] Check Pods Manifest.lock */ = {
			isa = PBXShellScriptBuildPhase;
			buildActionMask = 2147483647;
			files = (
			);
			inputPaths = (
				"${PODS_PODFILE_DIR_PATH}/Podfile.lock",
				"${PODS_ROOT}/Manifest.lock",
			);
			name = "[CP] Check Pods Manifest.lock";
			outputPaths = (
				"$(DERIVED_FILE_DIR)/Pods-socialImpactApp-checkManifestLockResult.txt",
			);
			runOnlyForDeploymentPostprocessing = 0;
			shellPath = /bin/sh;
			shellScript = "diff \"${PODS_PODFILE_DIR_PATH}/Podfile.lock\" \"${PODS_ROOT}/Manifest.lock\" > /dev/null\nif [ $? != 0 ] ; then\n    # print error to STDERR\n    echo \"error: The sandbox is not in sync with the Podfile.lock. Run 'pod install' or update your CocoaPods installation.\" >&2\n    exit 1\nfi\n# This output is used by Xcode 'outputs' to avoid re-running this script phase.\necho \"SUCCESS\" > \"${SCRIPT_OUTPUT_FILE_0}\"\n";
			showEnvVarsInLog = 0;
		};
		FC5B6D446E927255ABF62147 /* [CP] Check Pods Manifest.lock */ = {
			isa = PBXShellScriptBuildPhase;
			buildActionMask = 2147483647;
			files = (
			);
			inputPaths = (
				"${PODS_PODFILE_DIR_PATH}/Podfile.lock",
				"${PODS_ROOT}/Manifest.lock",
			);
			name = "[CP] Check Pods Manifest.lock";
			outputPaths = (
				"$(DERIVED_FILE_DIR)/Pods-socialImpactAppTests-checkManifestLockResult.txt",
			);
			runOnlyForDeploymentPostprocessing = 0;
			shellPath = /bin/sh;
			shellScript = "diff \"${PODS_PODFILE_DIR_PATH}/Podfile.lock\" \"${PODS_ROOT}/Manifest.lock\" > /dev/null\nif [ $? != 0 ] ; then\n    # print error to STDERR\n    echo \"error: The sandbox is not in sync with the Podfile.lock. Run 'pod install' or update your CocoaPods installation.\" >&2\n    exit 1\nfi\n# This output is used by Xcode 'outputs' to avoid re-running this script phase.\necho \"SUCCESS\" > \"${SCRIPT_OUTPUT_FILE_0}\"\n";
			showEnvVarsInLog = 0;
		};
/* End PBXShellScriptBuildPhase section */

/* Begin PBXSourcesBuildPhase section */
		35D8D52C20EFE03E00B5D12C /* Sources */ = {
			isa = PBXSourcesBuildPhase;
			buildActionMask = 2147483647;
			files = (
				355718C320FC534D00D735EA /* LoginViewController.m in Sources */,
				35D8D53820EFE03E00B5D12C /* ViewController.m in Sources */,
				35D8D54320EFE04000B5D12C /* main.m in Sources */,
				35D8D53520EFE03E00B5D12C /* AppDelegate.m in Sources */,
				355718C620FC53AD00D735EA /* MenuViewController.m in Sources */,
				355718C920FC53E600D735EA /* DetailViewController.m in Sources */,
			);
			runOnlyForDeploymentPostprocessing = 0;
		};
		35D8D54420EFE04000B5D12C /* Sources */ = {
			isa = PBXSourcesBuildPhase;
			buildActionMask = 2147483647;
			files = (
				35D8D54D20EFE04000B5D12C /* socialImpactAppTests.m in Sources */,
			);
			runOnlyForDeploymentPostprocessing = 0;
		};
		35D8D54F20EFE04000B5D12C /* Sources */ = {
			isa = PBXSourcesBuildPhase;
			buildActionMask = 2147483647;
			files = (
				35D8D55820EFE04000B5D12C /* socialImpactAppUITests.m in Sources */,
			);
			runOnlyForDeploymentPostprocessing = 0;
		};
/* End PBXSourcesBuildPhase section */

/* Begin PBXTargetDependency section */
		35D8D54A20EFE04000B5D12C /* PBXTargetDependency */ = {
			isa = PBXTargetDependency;
			target = 35D8D52F20EFE03E00B5D12C /* socialImpactApp */;
			targetProxy = 35D8D54920EFE04000B5D12C /* PBXContainerItemProxy */;
		};
		35D8D55520EFE04000B5D12C /* PBXTargetDependency */ = {
			isa = PBXTargetDependency;
			target = 35D8D52F20EFE03E00B5D12C /* socialImpactApp */;
			targetProxy = 35D8D55420EFE04000B5D12C /* PBXContainerItemProxy */;
		};
/* End PBXTargetDependency section */

/* Begin PBXVariantGroup section */
		35D8D53920EFE03E00B5D12C /* Main.storyboard */ = {
			isa = PBXVariantGroup;
			children = (
				35D8D53A20EFE03E00B5D12C /* Base */,
			);
			name = Main.storyboard;
			sourceTree = "<group>";
		};
		35D8D53E20EFE04000B5D12C /* LaunchScreen.storyboard */ = {
			isa = PBXVariantGroup;
			children = (
				35D8D53F20EFE04000B5D12C /* Base */,
			);
			name = LaunchScreen.storyboard;
			sourceTree = "<group>";
		};
/* End PBXVariantGroup section */

/* Begin XCBuildConfiguration section */
		35D8D55A20EFE04000B5D12C /* Debug */ = {
			isa = XCBuildConfiguration;
			buildSettings = {
				ALWAYS_SEARCH_USER_PATHS = NO;
				CLANG_ANALYZER_NONNULL = YES;
				CLANG_ANALYZER_NUMBER_OBJECT_CONVERSION = YES_AGGRESSIVE;
				CLANG_CXX_LANGUAGE_STANDARD = "gnu++14";
				CLANG_CXX_LIBRARY = "libc++";
				CLANG_ENABLE_MODULES = YES;
				CLANG_ENABLE_OBJC_ARC = YES;
				CLANG_ENABLE_OBJC_WEAK = YES;
				CLANG_WARN_BLOCK_CAPTURE_AUTORELEASING = YES;
				CLANG_WARN_BOOL_CONVERSION = YES;
				CLANG_WARN_COMMA = YES;
				CLANG_WARN_CONSTANT_CONVERSION = YES;
				CLANG_WARN_DEPRECATED_OBJC_IMPLEMENTATIONS = YES;
				CLANG_WARN_DIRECT_OBJC_ISA_USAGE = YES_ERROR;
				CLANG_WARN_DOCUMENTATION_COMMENTS = YES;
				CLANG_WARN_EMPTY_BODY = YES;
				CLANG_WARN_ENUM_CONVERSION = YES;
				CLANG_WARN_INFINITE_RECURSION = YES;
				CLANG_WARN_INT_CONVERSION = YES;
				CLANG_WARN_NON_LITERAL_NULL_CONVERSION = YES;
				CLANG_WARN_OBJC_IMPLICIT_RETAIN_SELF = YES;
				CLANG_WARN_OBJC_LITERAL_CONVERSION = YES;
				CLANG_WARN_OBJC_ROOT_CLASS = YES_ERROR;
				CLANG_WARN_RANGE_LOOP_ANALYSIS = YES;
				CLANG_WARN_STRICT_PROTOTYPES = YES;
				CLANG_WARN_SUSPICIOUS_MOVE = YES;
				CLANG_WARN_UNGUARDED_AVAILABILITY = YES_AGGRESSIVE;
				CLANG_WARN_UNREACHABLE_CODE = YES;
				CLANG_WARN__DUPLICATE_METHOD_MATCH = YES;
				CODE_SIGN_IDENTITY = "iPhone Developer";
				COPY_PHASE_STRIP = NO;
				DEBUG_INFORMATION_FORMAT = dwarf;
				ENABLE_STRICT_OBJC_MSGSEND = YES;
				ENABLE_TESTABILITY = YES;
				GCC_C_LANGUAGE_STANDARD = gnu11;
				GCC_DYNAMIC_NO_PIC = NO;
				GCC_NO_COMMON_BLOCKS = YES;
				GCC_OPTIMIZATION_LEVEL = 0;
				GCC_PREPROCESSOR_DEFINITIONS = (
					"DEBUG=1",
					"$(inherited)",
				);
				GCC_WARN_64_TO_32_BIT_CONVERSION = YES;
				GCC_WARN_ABOUT_RETURN_TYPE = YES_ERROR;
				GCC_WARN_UNDECLARED_SELECTOR = YES;
				GCC_WARN_UNINITIALIZED_AUTOS = YES_AGGRESSIVE;
				GCC_WARN_UNUSED_FUNCTION = YES;
				GCC_WARN_UNUSED_VARIABLE = YES;
				IPHONEOS_DEPLOYMENT_TARGET = 11.4;
				MTL_ENABLE_DEBUG_INFO = YES;
				ONLY_ACTIVE_ARCH = YES;
				SDKROOT = iphoneos;
			};
			name = Debug;
		};
		35D8D55B20EFE04000B5D12C /* Release */ = {
			isa = XCBuildConfiguration;
			buildSettings = {
				ALWAYS_SEARCH_USER_PATHS = NO;
				CLANG_ANALYZER_NONNULL = YES;
				CLANG_ANALYZER_NUMBER_OBJECT_CONVERSION = YES_AGGRESSIVE;
				CLANG_CXX_LANGUAGE_STANDARD = "gnu++14";
				CLANG_CXX_LIBRARY = "libc++";
				CLANG_ENABLE_MODULES = YES;
				CLANG_ENABLE_OBJC_ARC = YES;
				CLANG_ENABLE_OBJC_WEAK = YES;
				CLANG_WARN_BLOCK_CAPTURE_AUTORELEASING = YES;
				CLANG_WARN_BOOL_CONVERSION = YES;
				CLANG_WARN_COMMA = YES;
				CLANG_WARN_CONSTANT_CONVERSION = YES;
				CLANG_WARN_DEPRECATED_OBJC_IMPLEMENTATIONS = YES;
				CLANG_WARN_DIRECT_OBJC_ISA_USAGE = YES_ERROR;
				CLANG_WARN_DOCUMENTATION_COMMENTS = YES;
				CLANG_WARN_EMPTY_BODY = YES;
				CLANG_WARN_ENUM_CONVERSION = YES;
				CLANG_WARN_INFINITE_RECURSION = YES;
				CLANG_WARN_INT_CONVERSION = YES;
				CLANG_WARN_NON_LITERAL_NULL_CONVERSION = YES;
				CLANG_WARN_OBJC_IMPLICIT_RETAIN_SELF = YES;
				CLANG_WARN_OBJC_LITERAL_CONVERSION = YES;
				CLANG_WARN_OBJC_ROOT_CLASS = YES_ERROR;
				CLANG_WARN_RANGE_LOOP_ANALYSIS = YES;
				CLANG_WARN_STRICT_PROTOTYPES = YES;
				CLANG_WARN_SUSPICIOUS_MOVE = YES;
				CLANG_WARN_UNGUARDED_AVAILABILITY = YES_AGGRESSIVE;
				CLANG_WARN_UNREACHABLE_CODE = YES;
				CLANG_WARN__DUPLICATE_METHOD_MATCH = YES;
				CODE_SIGN_IDENTITY = "iPhone Developer";
				COPY_PHASE_STRIP = NO;
				DEBUG_INFORMATION_FORMAT = "dwarf-with-dsym";
				ENABLE_NS_ASSERTIONS = NO;
				ENABLE_STRICT_OBJC_MSGSEND = YES;
				GCC_C_LANGUAGE_STANDARD = gnu11;
				GCC_NO_COMMON_BLOCKS = YES;
				GCC_WARN_64_TO_32_BIT_CONVERSION = YES;
				GCC_WARN_ABOUT_RETURN_TYPE = YES_ERROR;
				GCC_WARN_UNDECLARED_SELECTOR = YES;
				GCC_WARN_UNINITIALIZED_AUTOS = YES_AGGRESSIVE;
				GCC_WARN_UNUSED_FUNCTION = YES;
				GCC_WARN_UNUSED_VARIABLE = YES;
				IPHONEOS_DEPLOYMENT_TARGET = 11.4;
				MTL_ENABLE_DEBUG_INFO = NO;
				SDKROOT = iphoneos;
				VALIDATE_PRODUCT = YES;
			};
			name = Release;
		};
		35D8D55D20EFE04000B5D12C /* Debug */ = {
			isa = XCBuildConfiguration;
			baseConfigurationReference = 18EC0F9A8F6A4634744C3391 /* Pods-socialImpactApp.debug.xcconfig */;
			buildSettings = {
				ASSETCATALOG_COMPILER_APPICON_NAME = AppIcon;
				CODE_SIGN_STYLE = Automatic;
				DEVELOPMENT_TEAM = S8MAYBN4P6;
				INFOPLIST_FILE = socialImpactApp/Info.plist;
				LD_RUNPATH_SEARCH_PATHS = (
					"$(inherited)",
					"@executable_path/Frameworks",
				);
				PRODUCT_BUNDLE_IDENTIFIER = com.roeshaezrazelle.socialImpactApp;
				PRODUCT_NAME = "$(TARGET_NAME)";
				TARGETED_DEVICE_FAMILY = "1,2";
			};
			name = Debug;
		};
		35D8D55E20EFE04000B5D12C /* Release */ = {
			isa = XCBuildConfiguration;
			baseConfigurationReference = D0350F69757636A886E19154 /* Pods-socialImpactApp.release.xcconfig */;
			buildSettings = {
				ASSETCATALOG_COMPILER_APPICON_NAME = AppIcon;
				CODE_SIGN_STYLE = Automatic;
				DEVELOPMENT_TEAM = S8MAYBN4P6;
				INFOPLIST_FILE = socialImpactApp/Info.plist;
				LD_RUNPATH_SEARCH_PATHS = (
					"$(inherited)",
					"@executable_path/Frameworks",
				);
				PRODUCT_BUNDLE_IDENTIFIER = com.roeshaezrazelle.socialImpactApp;
				PRODUCT_NAME = "$(TARGET_NAME)";
				TARGETED_DEVICE_FAMILY = "1,2";
			};
			name = Release;
		};
		35D8D56020EFE04000B5D12C /* Debug */ = {
			isa = XCBuildConfiguration;
			baseConfigurationReference = 627C13C19E851C6FF4823B51 /* Pods-socialImpactAppTests.debug.xcconfig */;
			buildSettings = {
				BUNDLE_LOADER = "$(TEST_HOST)";
				CODE_SIGN_STYLE = Automatic;
				DEVELOPMENT_TEAM = S8MAYBN4P6;
				INFOPLIST_FILE = socialImpactAppTests/Info.plist;
				LD_RUNPATH_SEARCH_PATHS = (
					"$(inherited)",
					"@executable_path/Frameworks",
					"@loader_path/Frameworks",
				);
				PRODUCT_BUNDLE_IDENTIFIER = com.roeshaezrazelle.socialImpactAppTests;
				PRODUCT_NAME = "$(TARGET_NAME)";
				TARGETED_DEVICE_FAMILY = "1,2";
				TEST_HOST = "$(BUILT_PRODUCTS_DIR)/socialImpactApp.app/socialImpactApp";
			};
			name = Debug;
		};
		35D8D56120EFE04000B5D12C /* Release */ = {
			isa = XCBuildConfiguration;
			baseConfigurationReference = 52AA3E0627E8059878335CBD /* Pods-socialImpactAppTests.release.xcconfig */;
			buildSettings = {
				BUNDLE_LOADER = "$(TEST_HOST)";
				CODE_SIGN_STYLE = Automatic;
				DEVELOPMENT_TEAM = S8MAYBN4P6;
				INFOPLIST_FILE = socialImpactAppTests/Info.plist;
				LD_RUNPATH_SEARCH_PATHS = (
					"$(inherited)",
					"@executable_path/Frameworks",
					"@loader_path/Frameworks",
				);
				PRODUCT_BUNDLE_IDENTIFIER = com.roeshaezrazelle.socialImpactAppTests;
				PRODUCT_NAME = "$(TARGET_NAME)";
				TARGETED_DEVICE_FAMILY = "1,2";
				TEST_HOST = "$(BUILT_PRODUCTS_DIR)/socialImpactApp.app/socialImpactApp";
			};
			name = Release;
		};
		35D8D56320EFE04000B5D12C /* Debug */ = {
			isa = XCBuildConfiguration;
			baseConfigurationReference = 8763DFB0D9C85C45475B8919 /* Pods-socialImpactAppUITests.debug.xcconfig */;
			buildSettings = {
				CODE_SIGN_STYLE = Automatic;
				DEVELOPMENT_TEAM = S8MAYBN4P6;
				INFOPLIST_FILE = socialImpactAppUITests/Info.plist;
				LD_RUNPATH_SEARCH_PATHS = (
					"$(inherited)",
					"@executable_path/Frameworks",
					"@loader_path/Frameworks",
				);
				PRODUCT_BUNDLE_IDENTIFIER = com.roeshaezrazelle.socialImpactAppUITests;
				PRODUCT_NAME = "$(TARGET_NAME)";
				TARGETED_DEVICE_FAMILY = "1,2";
				TEST_TARGET_NAME = socialImpactApp;
			};
			name = Debug;
		};
		35D8D56420EFE04000B5D12C /* Release */ = {
			isa = XCBuildConfiguration;
			baseConfigurationReference = 185E9EEC67E8C3501C34EDA2 /* Pods-socialImpactAppUITests.release.xcconfig */;
			buildSettings = {
				CODE_SIGN_STYLE = Automatic;
				DEVELOPMENT_TEAM = S8MAYBN4P6;
				INFOPLIST_FILE = socialImpactAppUITests/Info.plist;
				LD_RUNPATH_SEARCH_PATHS = (
					"$(inherited)",
					"@executable_path/Frameworks",
					"@loader_path/Frameworks",
				);
				PRODUCT_BUNDLE_IDENTIFIER = com.roeshaezrazelle.socialImpactAppUITests;
				PRODUCT_NAME = "$(TARGET_NAME)";
				TARGETED_DEVICE_FAMILY = "1,2";
				TEST_TARGET_NAME = socialImpactApp;
			};
			name = Release;
		};
/* End XCBuildConfiguration section */

/* Begin XCConfigurationList section */
		35D8D52B20EFE03E00B5D12C /* Build configuration list for PBXProject "socialImpactApp" */ = {
			isa = XCConfigurationList;
			buildConfigurations = (
				35D8D55A20EFE04000B5D12C /* Debug */,
				35D8D55B20EFE04000B5D12C /* Release */,
			);
			defaultConfigurationIsVisible = 0;
			defaultConfigurationName = Release;
		};
		35D8D55C20EFE04000B5D12C /* Build configuration list for PBXNativeTarget "socialImpactApp" */ = {
			isa = XCConfigurationList;
			buildConfigurations = (
				35D8D55D20EFE04000B5D12C /* Debug */,
				35D8D55E20EFE04000B5D12C /* Release */,
			);
			defaultConfigurationIsVisible = 0;
			defaultConfigurationName = Release;
		};
		35D8D55F20EFE04000B5D12C /* Build configuration list for PBXNativeTarget "socialImpactAppTests" */ = {
			isa = XCConfigurationList;
			buildConfigurations = (
				35D8D56020EFE04000B5D12C /* Debug */,
				35D8D56120EFE04000B5D12C /* Release */,
			);
			defaultConfigurationIsVisible = 0;
			defaultConfigurationName = Release;
		};
		35D8D56220EFE04000B5D12C /* Build configuration list for PBXNativeTarget "socialImpactAppUITests" */ = {
			isa = XCConfigurationList;
			buildConfigurations = (
				35D8D56320EFE04000B5D12C /* Debug */,
				35D8D56420EFE04000B5D12C /* Release */,
			);
			defaultConfigurationIsVisible = 0;
			defaultConfigurationName = Release;
		};
/* End XCConfigurationList section */
	};
	rootObject = 35D8D52820EFE03E00B5D12C /* Project object */;
}
